<?xml version="1.0" encoding="utf-8"?>
<Project ToolsVersion="4.0" xmlns="http://schemas.microsoft.com/developer/msbuild/2003">
  <ItemGroup>
    <Filter Include="소스 파일">
      <UniqueIdentifier>{4FC737F1-C7A5-4376-A066-2A32D752A2FF}</UniqueIdentifier>
      <Extensions>cpp;c;cc;cxx;def;odl;idl;hpj;bat;asm;asmx</Extensions>
    </Filter>
    <Filter Include="헤더 파일">
      <UniqueIdentifier>{93995380-89BD-4b04-88EB-625FBE52EBFB}</UniqueIdentifier>
      <Extensions>h;hpp;hxx;hm;inl;inc;xsd</Extensions>
    </Filter>
    <Filter Include="리소스 파일">
      <UniqueIdentifier>{67DA6AB6-F800-4c08-8B7A-83BB121AAD01}</UniqueIdentifier>
      <Extensions>rc;ico;cur;bmp;dlg;rc2;rct;bin;rgs;gif;jpg;jpeg;jpe;resx;tiff;tif;png;wav;mfcribbon-ms</Extensions>
    </Filter>
  </ItemGroup>
  <ItemGroup>
    <ClCompile Include="..\eno\eno.cpp">
      <Filter>소스 파일</Filter>
    </ClCompile>
    <ClCompile Include="..\eno\enoMath.cpp">
      <Filter>소스 파일</Filter>
    </ClCompile>
    <ClCompile Include="..\eno\testmain.cpp">
      <Filter>소스 파일</Filter>
    </ClCompile>
    <ClCompile Include="..\eno\vector3d.cpp">
      <Filter>소스 파일</Filter>
    </ClCompile>
    <ClCompile Include="..\eno\CDisplayNull.cpp">
      <Filter>소스 파일</Filter>
    </ClCompile>
    <ClCompile Include="..\eno\CDisplayOpenGL.cpp">
      <Filter>소스 파일</Filter>
    </ClCompile>
    <ClCompile Include="..\eno\IDisplay.cpp">
      <Filter>소스 파일</Filter>
    </ClCompile>
    <ClCompile Include="..\eno\quaternion.cpp">
      <Filter>소스 파일</Filter>
    </ClCompile>
    <ClCompile Include="..\eno\vector2d.cpp">
      <Filter>소스 파일</Filter>
    </ClCompile>
    <ClCompile Include="..\eno\vector4d.cpp">
      <Filter>소스 파일</Filter>
    </ClCompile>
  </ItemGroup>
  <ItemGroup>
    <ClInclude Include="..\eno\eno.h">
      <Filter>헤더 파일</Filter>
    </ClInclude>
    <ClInclude Include="..\eno\enoConfig.h">
      <Filter>헤더 파일</Filter>
    </ClInclude>
    <ClInclude Include="..\eno\enoMath.h">
      <Filter>헤더 파일</Filter>
    </ClInclude>
    <ClInclude Include="..\eno\enoType.h">
      <Filter>헤더 파일</Filter>
    </ClInclude>
    <ClInclude Include="..\eno\matrix4x4.h">
      <Filter>헤더 파일</Filter>
    </ClInclude>
    <ClInclude Include="..\eno\vector3d.h">
      <Filter>헤더 파일</Filter>
    </ClInclude>
    <ClInclude Include="..\eno\CDisplayNull.h">
      <Filter>헤더 파일</Filter>
    </ClInclude>
    <ClInclude Include="..\eno\CDisplayOpenGL.h">
      <Filter>헤더 파일</Filter>
    </ClInclude>
    <ClInclude Include="..\eno\IDisplay.h">
      <Filter>헤더 파일</Filter>
    </ClInclude>
    <ClInclude Include="..\eno\quaternion.h">
      <Filter>헤더 파일</Filter>
    </ClInclude>
    <ClInclude Include="..\eno\vector2d.h">
      <Filter>헤더 파일</Filter>
    </ClInclude>
    <ClInclude Include="..\eno\vector4d.h">
      <Filter>헤더 파일</Filter>
    </ClInclude>
  </ItemGroup>
</Project>