// !$*UTF8*$!
{
	archiveVersion = 1;
	classes = {
	};
	objectVersion = 46;
	objects = {

/* Begin PBXBuildFile section */
		3F7524D51578B12600F6DA63 /* adler32.c in Sources */ = {isa = PBXBuildFile; fileRef = 3F7524C71578B12600F6DA63 /* adler32.c */; settings = {COMPILER_FLAGS = "-ansi"; }; };
		3F7524D61578B12600F6DA63 /* compress.c in Sources */ = {isa = PBXBuildFile; fileRef = 3F7524C81578B12600F6DA63 /* compress.c */; settings = {COMPILER_FLAGS = "-ansi"; }; };
		3F7524D71578B12600F6DA63 /* crc32.c in Sources */ = {isa = PBXBuildFile; fileRef = 3F7524C91578B12600F6DA63 /* crc32.c */; settings = {COMPILER_FLAGS = "-ansi"; }; };
		3F7524D81578B12600F6DA63 /* deflate.c in Sources */ = {isa = PBXBuildFile; fileRef = 3F7524CA1578B12600F6DA63 /* deflate.c */; settings = {COMPILER_FLAGS = "-ansi"; }; };
		3F7524D91578B12600F6DA63 /* gzclose.c in Sources */ = {isa = PBXBuildFile; fileRef = 3F7524CB1578B12600F6DA63 /* gzclose.c */; settings = {COMPILER_FLAGS = "-ansi"; }; };
		3F7524DB1578B12600F6DA63 /* gzread.c in Sources */ = {isa = PBXBuildFile; fileRef = 3F7524CD1578B12600F6DA63 /* gzread.c */; settings = {COMPILER_FLAGS = "-ansi"; }; };
		3F7524DC1578B12600F6DA63 /* gzwrite.c in Sources */ = {isa = PBXBuildFile; fileRef = 3F7524CE1578B12600F6DA63 /* gzwrite.c */; settings = {COMPILER_FLAGS = "-ansi"; }; };
		3F7524DD1578B12600F6DA63 /* infback.c in Sources */ = {isa = PBXBuildFile; fileRef = 3F7524CF1578B12600F6DA63 /* infback.c */; settings = {COMPILER_FLAGS = "-ansi"; }; };
		3F7524DE1578B12600F6DA63 /* inffast.c in Sources */ = {isa = PBXBuildFile; fileRef = 3F7524D01578B12600F6DA63 /* inffast.c */; settings = {COMPILER_FLAGS = "-ansi"; }; };
		3F7524DF1578B12600F6DA63 /* inflate.c in Sources */ = {isa = PBXBuildFile; fileRef = 3F7524D11578B12600F6DA63 /* inflate.c */; settings = {COMPILER_FLAGS = "-ansi"; }; };
		3F7524E01578B12600F6DA63 /* inftrees.c in Sources */ = {isa = PBXBuildFile; fileRef = 3F7524D21578B12600F6DA63 /* inftrees.c */; settings = {COMPILER_FLAGS = "-ansi"; }; };
		3F7524E11578B12600F6DA63 /* trees.c in Sources */ = {isa = PBXBuildFile; fileRef = 3F7524D31578B12600F6DA63 /* trees.c */; settings = {COMPILER_FLAGS = "-ansi"; }; };
		3F7524E21578B12600F6DA63 /* uncompr.c in Sources */ = {isa = PBXBuildFile; fileRef = 3F7524D41578B12600F6DA63 /* uncompr.c */; settings = {COMPILER_FLAGS = "-ansi"; }; };
		3F7524E41578B14100F6DA63 /* zutil.c in Sources */ = {isa = PBXBuildFile; fileRef = 3F7524E31578B14100F6DA63 /* zutil.c */; settings = {COMPILER_FLAGS = "-ansi"; }; };
		3F75250A157B643200F6DA63 /* main.cpp in Sources */ = {isa = PBXBuildFile; fileRef = D9C630E612E6342100013457 /* main.cpp */; };
		3F75251D157B646000F6DA63 /* OpenGL.framework in Frameworks */ = {isa = PBXBuildFile; fileRef = 3FBD92AC1575A9E00052B482 /* OpenGL.framework */; };
		3F75251E157B653500F6DA63 /* enolibrary-static.a in Frameworks */ = {isa = PBXBuildFile; fileRef = 3FBD926E1575A53A0052B482 /* enolibrary-static.a */; };
		3F91AAF6158EC398003224B7 /* enoTweener.cpp in Sources */ = {isa = PBXBuildFile; fileRef = 3F91AAF4158EC398003224B7 /* enoTweener.cpp */; };
		3F91AAF7158EC398003224B7 /* enoTweener.hpp in Headers */ = {isa = PBXBuildFile; fileRef = 3F91AAF5158EC398003224B7 /* enoTweener.hpp */; };
		3FAE730B15817AC700A61E2A /* enoGraphicsType.cpp in Sources */ = {isa = PBXBuildFile; fileRef = 3FAE730A15817AC700A61E2A /* enoGraphicsType.cpp */; };
		3FBD92721575A5B90052B482 /* enoGraphics.cpp in Sources */ = {isa = PBXBuildFile; fileRef = 3FF9D10114DAC10800494EBB /* enoGraphics.cpp */; };
		3FBD92731575A5B90052B482 /* GraphicsImpl_OGL.cpp in Sources */ = {isa = PBXBuildFile; fileRef = 3F2F2A56150F67650060E22F /* GraphicsImpl_OGL.cpp */; };
		3FBD92741575A5B90052B482 /* enoImage.cpp in Sources */ = {isa = PBXBuildFile; fileRef = 3F74475415082EF60003DD67 /* enoImage.cpp */; };
		3FBD92751575A5B90052B482 /* ImageLoader_Bmp.cpp in Sources */ = {isa = PBXBuildFile; fileRef = D9F6511A12F57D41008270C7 /* ImageLoader_Bmp.cpp */; };
		3FBD92761575A5B90052B482 /* enoFile.cpp in Sources */ = {isa = PBXBuildFile; fileRef = 3F74475715082F650003DD67 /* enoFile.cpp */; };
		3FBD92771575A5B90052B482 /* OSUtil_MACOSX.mm in Sources */ = {isa = PBXBuildFile; fileRef = 3FFE79071560B4E0009ABE7C /* OSUtil_MACOSX.mm */; };
		3FBD92781575A5B90052B482 /* enoOSUtil.cpp in Sources */ = {isa = PBXBuildFile; fileRef = D94064361493F7DE0024F681 /* enoOSUtil.cpp */; };
		3FBD92791575A5B90052B482 /* enoDriver.cpp in Sources */ = {isa = PBXBuildFile; fileRef = D926E62914769FD0004F5C53 /* enoDriver.cpp */; };
		3FBD927A1575A5B90052B482 /* enoWindow.cpp in Sources */ = {isa = PBXBuildFile; fileRef = D941190514A4002100273551 /* enoWindow.cpp */; };
		3FBD927B1575A5B90052B482 /* enoTimer.cpp in Sources */ = {isa = PBXBuildFile; fileRef = D9FBE5551478C7580032C5A9 /* enoTimer.cpp */; };
		3FBD927C1575A5B90052B482 /* eno.cpp in Sources */ = {isa = PBXBuildFile; fileRef = 53CC3A91121630F600B2D092 /* eno.cpp */; };
		3FBD927D1575A5B90052B482 /* enoApplication.cpp in Sources */ = {isa = PBXBuildFile; fileRef = D926B25D1477ED79000619BA /* enoApplication.cpp */; };
		3FBD92811575A60A0052B482 /* png.c in Sources */ = {isa = PBXBuildFile; fileRef = 3FBD924915759BB20052B482 /* png.c */; };
		3FBD92821575A60A0052B482 /* pngerror.c in Sources */ = {isa = PBXBuildFile; fileRef = 3FBD924A15759BB20052B482 /* pngerror.c */; };
		3FBD92831575A60A0052B482 /* pngget.c in Sources */ = {isa = PBXBuildFile; fileRef = 3FBD924B15759BB20052B482 /* pngget.c */; };
		3FBD92841575A60A0052B482 /* pngmem.c in Sources */ = {isa = PBXBuildFile; fileRef = 3FBD924C15759BB20052B482 /* pngmem.c */; };
		3FBD92851575A60A0052B482 /* pngpread.c in Sources */ = {isa = PBXBuildFile; fileRef = 3FBD924D15759BB20052B482 /* pngpread.c */; };
		3FBD92861575A60A0052B482 /* pngread.c in Sources */ = {isa = PBXBuildFile; fileRef = 3FBD924E15759BB20052B482 /* pngread.c */; };
		3FBD92871575A60A0052B482 /* pngrio.c in Sources */ = {isa = PBXBuildFile; fileRef = 3FBD924F15759BB20052B482 /* pngrio.c */; };
		3FBD92881575A60A0052B482 /* pngrtran.c in Sources */ = {isa = PBXBuildFile; fileRef = 3FBD925015759BB20052B482 /* pngrtran.c */; };
		3FBD92891575A60A0052B482 /* pngrutil.c in Sources */ = {isa = PBXBuildFile; fileRef = 3FBD925115759BB20052B482 /* pngrutil.c */; };
		3FBD928A1575A60A0052B482 /* pngset.c in Sources */ = {isa = PBXBuildFile; fileRef = 3FBD925215759BB20052B482 /* pngset.c */; };
		3FBD928C1575A60A0052B482 /* pngtrans.c in Sources */ = {isa = PBXBuildFile; fileRef = 3FBD925415759BB20052B482 /* pngtrans.c */; };
		3FBD928D1575A60A0052B482 /* pngwio.c in Sources */ = {isa = PBXBuildFile; fileRef = 3FBD925515759BB20052B482 /* pngwio.c */; };
		3FBD928E1575A60A0052B482 /* pngwrite.c in Sources */ = {isa = PBXBuildFile; fileRef = 3FBD925615759BB20052B482 /* pngwrite.c */; };
		3FBD928F1575A60A0052B482 /* pngwtran.c in Sources */ = {isa = PBXBuildFile; fileRef = 3FBD925715759BB20052B482 /* pngwtran.c */; };
		3FBD92901575A60A0052B482 /* pngwutil.c in Sources */ = {isa = PBXBuildFile; fileRef = 3FBD925815759BB20052B482 /* pngwutil.c */; };
		3FBD92C21575AA3D0052B482 /* DriverMACOSX.mm in Sources */ = {isa = PBXBuildFile; fileRef = D983A67014645D5700CAC4EF /* DriverMACOSX.mm */; };
		3FBD92C31575AA3D0052B482 /* Window_MACOSX.mm in Sources */ = {isa = PBXBuildFile; fileRef = D9FB4FB01486C5BB005564DD /* Window_MACOSX.mm */; };
		3FBD92C51575ADC50052B482 /* ImageLoader_Png.cpp in Sources */ = {isa = PBXBuildFile; fileRef = 3FBD92C41575ADC50052B482 /* ImageLoader_Png.cpp */; };
		3FC90FE7157CC9A10081118F /* Unittest.mm in Sources */ = {isa = PBXBuildFile; fileRef = 3FC90FE6157CC9A10081118F /* Unittest.mm */; };
		3FC90FEF157CF5B90081118F /* SenTestingKit.framework in Frameworks */ = {isa = PBXBuildFile; fileRef = 3FC90FED157CF48B0081118F /* SenTestingKit.framework */; };
		3FC90FF2157CF5F00081118F /* enolibrary-static.a in Frameworks */ = {isa = PBXBuildFile; fileRef = 3FBD926E1575A53A0052B482 /* enolibrary-static.a */; };
		3FC90FF9157CF92F0081118F /* Cocoa.framework in Frameworks */ = {isa = PBXBuildFile; fileRef = 3FBD92AA1575A9D70052B482 /* Cocoa.framework */; };
		3FC90FFA157CF9430081118F /* Cocoa.framework in Frameworks */ = {isa = PBXBuildFile; fileRef = 3FBD92AA1575A9D70052B482 /* Cocoa.framework */; };
		3FC91003157DB51D0081118F /* gzlib.c in Sources */ = {isa = PBXBuildFile; fileRef = 3FC91004157DB51D0081118F /* gzlib.c */; settings = {COMPILER_FLAGS = "-ansi"; }; };
		3FC9101E157E0BCC0081118F /* Texture_OGL.cpp in Sources */ = {isa = PBXBuildFile; fileRef = 3FC9101C157E0BCC0081118F /* Texture_OGL.cpp */; };
		3FC9101F157E0BCC0081118F /* Texture_OGL.hpp in Headers */ = {isa = PBXBuildFile; fileRef = 3FC9101D157E0BCC0081118F /* Texture_OGL.hpp */; };
/* End PBXBuildFile section */

/* Begin PBXContainerItemProxy section */
		3F752504157B63F800F6DA63 /* PBXContainerItemProxy */ = {
			isa = PBXContainerItemProxy;
			containerPortal = 29B97313FDCFA39411CA2CEA /* Project object */;
			proxyType = 1;
			remoteGlobalIDString = 3FBD926D1575A53A0052B482;
			remoteInfo = "library-static";
		};
		3FBD92A21575A9610052B482 /* PBXContainerItemProxy */ = {
			isa = PBXContainerItemProxy;
			containerPortal = 29B97313FDCFA39411CA2CEA /* Project object */;
			proxyType = 1;
			remoteGlobalIDString = D941190814A4CF6700273551;
			remoteInfo = version;
		};
		3FC90FF0157CF5EB0081118F /* PBXContainerItemProxy */ = {
			isa = PBXContainerItemProxy;
			containerPortal = 29B97313FDCFA39411CA2CEA /* Project object */;
			proxyType = 1;
			remoteGlobalIDString = 3FBD926D1575A53A0052B482;
			remoteInfo = "library-static";
		};
/* End PBXContainerItemProxy section */

/* Begin PBXFileReference section */
		13E42FB307B3F0F600E4EEF1 /* CoreData.framework */ = {isa = PBXFileReference; lastKnownFileType = wrapper.framework; name = CoreData.framework; path = /System/Library/Frameworks/CoreData.framework; sourceTree = "<absolute>"; };
		29B97324FDCFA39411CA2CEA /* AppKit.framework */ = {isa = PBXFileReference; lastKnownFileType = wrapper.framework; name = AppKit.framework; path = /System/Library/Frameworks/AppKit.framework; sourceTree = "<absolute>"; };
		29B97325FDCFA39411CA2CEA /* Foundation.framework */ = {isa = PBXFileReference; lastKnownFileType = wrapper.framework; name = Foundation.framework; path = /System/Library/Frameworks/Foundation.framework; sourceTree = "<absolute>"; };
		3F2F2A56150F67650060E22F /* GraphicsImpl_OGL.cpp */ = {isa = PBXFileReference; fileEncoding = 4; lastKnownFileType = sourcecode.cpp.cpp; lineEnding = 0; name = GraphicsImpl_OGL.cpp; path = ../eno/GraphicsImpl_OGL.cpp; sourceTree = "<group>"; xcLanguageSpecificationIdentifier = xcode.lang.cpp; };
		3F2F2A57150F67650060E22F /* GraphicsImpl_OGL.hpp */ = {isa = PBXFileReference; fileEncoding = 4; lastKnownFileType = sourcecode.cpp.h; lineEnding = 0; name = GraphicsImpl_OGL.hpp; path = ../eno/GraphicsImpl_OGL.hpp; sourceTree = "<group>"; xcLanguageSpecificationIdentifier = xcode.lang.cpp; };
		3F2F2A58150F67650060E22F /* GraphicsImpl.hpp */ = {isa = PBXFileReference; fileEncoding = 4; lastKnownFileType = sourcecode.cpp.h; lineEnding = 0; name = GraphicsImpl.hpp; path = ../eno/GraphicsImpl.hpp; sourceTree = "<group>"; xcLanguageSpecificationIdentifier = xcode.lang.cpp; };
		3F74475315082DCE0003DD67 /* StdString.h */ = {isa = PBXFileReference; fileEncoding = 4; lastKnownFileType = sourcecode.c.h; name = StdString.h; path = ../Extra/StdString/StdString.h; sourceTree = "<group>"; };
		3F74475415082EF60003DD67 /* enoImage.cpp */ = {isa = PBXFileReference; fileEncoding = 4; lastKnownFileType = sourcecode.cpp.cpp; lineEnding = 0; name = enoImage.cpp; path = ../eno/enoImage.cpp; sourceTree = "<group>"; xcLanguageSpecificationIdentifier = xcode.lang.cpp; };
		3F74475715082F650003DD67 /* enoFile.cpp */ = {isa = PBXFileReference; fileEncoding = 4; lastKnownFileType = sourcecode.cpp.cpp; lineEnding = 0; name = enoFile.cpp; path = ../eno/enoFile.cpp; sourceTree = "<group>"; xcLanguageSpecificationIdentifier = xcode.lang.cpp; };
		3F74475815082F650003DD67 /* enoFile.hpp */ = {isa = PBXFileReference; fileEncoding = 4; lastKnownFileType = sourcecode.cpp.h; lineEnding = 0; name = enoFile.hpp; path = ../eno/enoFile.hpp; sourceTree = "<group>"; xcLanguageSpecificationIdentifier = xcode.lang.cpp; };
		3F7524C71578B12600F6DA63 /* adler32.c */ = {isa = PBXFileReference; fileEncoding = 4; lastKnownFileType = sourcecode.c.c; name = adler32.c; path = ../Extra/zlib/adler32.c; sourceTree = "<group>"; };
		3F7524C81578B12600F6DA63 /* compress.c */ = {isa = PBXFileReference; fileEncoding = 4; lastKnownFileType = sourcecode.c.c; name = compress.c; path = ../Extra/zlib/compress.c; sourceTree = "<group>"; };
		3F7524C91578B12600F6DA63 /* crc32.c */ = {isa = PBXFileReference; fileEncoding = 4; lastKnownFileType = sourcecode.c.c; name = crc32.c; path = ../Extra/zlib/crc32.c; sourceTree = "<group>"; };
		3F7524CA1578B12600F6DA63 /* deflate.c */ = {isa = PBXFileReference; fileEncoding = 4; lastKnownFileType = sourcecode.c.c; name = deflate.c; path = ../Extra/zlib/deflate.c; sourceTree = "<group>"; };
		3F7524CB1578B12600F6DA63 /* gzclose.c */ = {isa = PBXFileReference; fileEncoding = 4; lastKnownFileType = sourcecode.c.c; name = gzclose.c; path = ../Extra/zlib/gzclose.c; sourceTree = "<group>"; };
		3F7524CD1578B12600F6DA63 /* gzread.c */ = {isa = PBXFileReference; fileEncoding = 4; lastKnownFileType = sourcecode.c.c; name = gzread.c; path = ../Extra/zlib/gzread.c; sourceTree = "<group>"; };
		3F7524CE1578B12600F6DA63 /* gzwrite.c */ = {isa = PBXFileReference; fileEncoding = 4; lastKnownFileType = sourcecode.c.c; name = gzwrite.c; path = ../Extra/zlib/gzwrite.c; sourceTree = "<group>"; };
		3F7524CF1578B12600F6DA63 /* infback.c */ = {isa = PBXFileReference; fileEncoding = 4; lastKnownFileType = sourcecode.c.c; name = infback.c; path = ../Extra/zlib/infback.c; sourceTree = "<group>"; };
		3F7524D01578B12600F6DA63 /* inffast.c */ = {isa = PBXFileReference; fileEncoding = 4; lastKnownFileType = sourcecode.c.c; name = inffast.c; path = ../Extra/zlib/inffast.c; sourceTree = "<group>"; };
		3F7524D11578B12600F6DA63 /* inflate.c */ = {isa = PBXFileReference; fileEncoding = 4; lastKnownFileType = sourcecode.c.c; name = inflate.c; path = ../Extra/zlib/inflate.c; sourceTree = "<group>"; };
		3F7524D21578B12600F6DA63 /* inftrees.c */ = {isa = PBXFileReference; fileEncoding = 4; lastKnownFileType = sourcecode.c.c; name = inftrees.c; path = ../Extra/zlib/inftrees.c; sourceTree = "<group>"; };
		3F7524D31578B12600F6DA63 /* trees.c */ = {isa = PBXFileReference; fileEncoding = 4; lastKnownFileType = sourcecode.c.c; name = trees.c; path = ../Extra/zlib/trees.c; sourceTree = "<group>"; };
		3F7524D41578B12600F6DA63 /* uncompr.c */ = {isa = PBXFileReference; fileEncoding = 4; lastKnownFileType = sourcecode.c.c; name = uncompr.c; path = ../Extra/zlib/uncompr.c; sourceTree = "<group>"; };
		3F7524E31578B14100F6DA63 /* zutil.c */ = {isa = PBXFileReference; fileEncoding = 4; lastKnownFileType = sourcecode.c.c; name = zutil.c; path = ../Extra/zlib/zutil.c; sourceTree = "<group>"; };
		3F7524EB157B63D100F6DA63 /* example.app */ = {isa = PBXFileReference; explicitFileType = wrapper.application; includeInIndex = 0; path = example.app; sourceTree = BUILT_PRODUCTS_DIR; };
		3F859E1B151397BA00479FA6 /* enoGraphicsType.hpp */ = {isa = PBXFileReference; fileEncoding = 4; lastKnownFileType = sourcecode.cpp.h; lineEnding = 2; name = enoGraphicsType.hpp; path = ../eno/enoGraphicsType.hpp; sourceTree = "<group>"; xcLanguageSpecificationIdentifier = xcode.lang.cpp; };
		3F91AAF4158EC398003224B7 /* enoTweener.cpp */ = {isa = PBXFileReference; fileEncoding = 4; lastKnownFileType = sourcecode.cpp.cpp; name = enoTweener.cpp; path = ../eno/enoTweener.cpp; sourceTree = "<group>"; };
		3F91AAF5158EC398003224B7 /* enoTweener.hpp */ = {isa = PBXFileReference; fileEncoding = 4; lastKnownFileType = sourcecode.cpp.h; name = enoTweener.hpp; path = ../eno/enoTweener.hpp; sourceTree = "<group>"; };
		3FAE730A15817AC700A61E2A /* enoGraphicsType.cpp */ = {isa = PBXFileReference; fileEncoding = 4; lastKnownFileType = sourcecode.cpp.cpp; name = enoGraphicsType.cpp; path = ../eno/enoGraphicsType.cpp; sourceTree = "<group>"; };
		3FBD924915759BB20052B482 /* png.c */ = {isa = PBXFileReference; fileEncoding = 4; lastKnownFileType = sourcecode.c.c; lineEnding = 0; name = png.c; path = ../Extra/libpng/png.c; sourceTree = "<group>"; xcLanguageSpecificationIdentifier = xcode.lang.c; };
		3FBD924A15759BB20052B482 /* pngerror.c */ = {isa = PBXFileReference; fileEncoding = 4; lastKnownFileType = sourcecode.c.c; name = pngerror.c; path = ../Extra/libpng/pngerror.c; sourceTree = "<group>"; };
		3FBD924B15759BB20052B482 /* pngget.c */ = {isa = PBXFileReference; fileEncoding = 4; lastKnownFileType = sourcecode.c.c; name = pngget.c; path = ../Extra/libpng/pngget.c; sourceTree = "<group>"; };
		3FBD924C15759BB20052B482 /* pngmem.c */ = {isa = PBXFileReference; fileEncoding = 4; lastKnownFileType = sourcecode.c.c; name = pngmem.c; path = ../Extra/libpng/pngmem.c; sourceTree = "<group>"; };
		3FBD924D15759BB20052B482 /* pngpread.c */ = {isa = PBXFileReference; fileEncoding = 4; lastKnownFileType = sourcecode.c.c; name = pngpread.c; path = ../Extra/libpng/pngpread.c; sourceTree = "<group>"; };
		3FBD924E15759BB20052B482 /* pngread.c */ = {isa = PBXFileReference; fileEncoding = 4; lastKnownFileType = sourcecode.c.c; name = pngread.c; path = ../Extra/libpng/pngread.c; sourceTree = "<group>"; };
		3FBD924F15759BB20052B482 /* pngrio.c */ = {isa = PBXFileReference; fileEncoding = 4; lastKnownFileType = sourcecode.c.c; name = pngrio.c; path = ../Extra/libpng/pngrio.c; sourceTree = "<group>"; };
		3FBD925015759BB20052B482 /* pngrtran.c */ = {isa = PBXFileReference; fileEncoding = 4; lastKnownFileType = sourcecode.c.c; name = pngrtran.c; path = ../Extra/libpng/pngrtran.c; sourceTree = "<group>"; };
		3FBD925115759BB20052B482 /* pngrutil.c */ = {isa = PBXFileReference; fileEncoding = 4; lastKnownFileType = sourcecode.c.c; name = pngrutil.c; path = ../Extra/libpng/pngrutil.c; sourceTree = "<group>"; };
		3FBD925215759BB20052B482 /* pngset.c */ = {isa = PBXFileReference; fileEncoding = 4; lastKnownFileType = sourcecode.c.c; name = pngset.c; path = ../Extra/libpng/pngset.c; sourceTree = "<group>"; };
		3FBD925415759BB20052B482 /* pngtrans.c */ = {isa = PBXFileReference; fileEncoding = 4; lastKnownFileType = sourcecode.c.c; name = pngtrans.c; path = ../Extra/libpng/pngtrans.c; sourceTree = "<group>"; };
		3FBD925515759BB20052B482 /* pngwio.c */ = {isa = PBXFileReference; fileEncoding = 4; lastKnownFileType = sourcecode.c.c; name = pngwio.c; path = ../Extra/libpng/pngwio.c; sourceTree = "<group>"; };
		3FBD925615759BB20052B482 /* pngwrite.c */ = {isa = PBXFileReference; fileEncoding = 4; lastKnownFileType = sourcecode.c.c; name = pngwrite.c; path = ../Extra/libpng/pngwrite.c; sourceTree = "<group>"; };
		3FBD925715759BB20052B482 /* pngwtran.c */ = {isa = PBXFileReference; fileEncoding = 4; lastKnownFileType = sourcecode.c.c; name = pngwtran.c; path = ../Extra/libpng/pngwtran.c; sourceTree = "<group>"; };
		3FBD925815759BB20052B482 /* pngwutil.c */ = {isa = PBXFileReference; fileEncoding = 4; lastKnownFileType = sourcecode.c.c; name = pngwutil.c; path = ../Extra/libpng/pngwutil.c; sourceTree = "<group>"; };
		3FBD926E1575A53A0052B482 /* enolibrary-static.a */ = {isa = PBXFileReference; explicitFileType = archive.ar; includeInIndex = 0; path = "enolibrary-static.a"; sourceTree = BUILT_PRODUCTS_DIR; };
		3FBD92AA1575A9D70052B482 /* Cocoa.framework */ = {isa = PBXFileReference; lastKnownFileType = wrapper.framework; name = Cocoa.framework; path = System/Library/Frameworks/Cocoa.framework; sourceTree = SDKROOT; };
		3FBD92AC1575A9E00052B482 /* OpenGL.framework */ = {isa = PBXFileReference; lastKnownFileType = wrapper.framework; name = OpenGL.framework; path = System/Library/Frameworks/OpenGL.framework; sourceTree = SDKROOT; };
		3FBD92C41575ADC50052B482 /* ImageLoader_Png.cpp */ = {isa = PBXFileReference; fileEncoding = 4; lastKnownFileType = sourcecode.cpp.cpp; lineEnding = 0; name = ImageLoader_Png.cpp; path = ../eno/ImageLoader_Png.cpp; sourceTree = "<group>"; xcLanguageSpecificationIdentifier = xcode.lang.cpp; };
		3FBD92C61575ADDE0052B482 /* ImageLoader_Png.hpp */ = {isa = PBXFileReference; fileEncoding = 4; lastKnownFileType = sourcecode.cpp.h; lineEnding = 0; name = ImageLoader_Png.hpp; path = ../eno/ImageLoader_Png.hpp; sourceTree = "<group>"; xcLanguageSpecificationIdentifier = xcode.lang.cpp; };
		3FC90FDB157CC9A10081118F /* Unittest.octest */ = {isa = PBXFileReference; explicitFileType = wrapper.cfbundle; includeInIndex = 0; path = Unittest.octest; sourceTree = BUILT_PRODUCTS_DIR; };
		3FC90FE6157CC9A10081118F /* Unittest.mm */ = {isa = PBXFileReference; lastKnownFileType = sourcecode.cpp.objcpp; path = Unittest.mm; sourceTree = "<group>"; };
		3FC90FED157CF48B0081118F /* SenTestingKit.framework */ = {isa = PBXFileReference; lastKnownFileType = wrapper.framework; name = SenTestingKit.framework; path = Library/Frameworks/SenTestingKit.framework; sourceTree = DEVELOPER_DIR; };
		3FC91004157DB51D0081118F /* gzlib.c */ = {isa = PBXFileReference; lastKnownFileType = sourcecode.c.c; name = gzlib.c; path = ../Extra/zlib/gzlib.c; sourceTree = "<group>"; };
		3FC9101C157E0BCC0081118F /* Texture_OGL.cpp */ = {isa = PBXFileReference; fileEncoding = 4; lastKnownFileType = sourcecode.cpp.cpp; name = Texture_OGL.cpp; path = ../eno/Texture_OGL.cpp; sourceTree = "<group>"; };
		3FC9101D157E0BCC0081118F /* Texture_OGL.hpp */ = {isa = PBXFileReference; fileEncoding = 4; lastKnownFileType = sourcecode.cpp.h; name = Texture_OGL.hpp; path = ../eno/Texture_OGL.hpp; sourceTree = "<group>"; };
		3FF9D10014DABE2900494EBB /* version.cpp */ = {isa = PBXFileReference; fileEncoding = 4; lastKnownFileType = sourcecode.cpp.cpp; name = version.cpp; path = ../Scripts/version.cpp; sourceTree = "<group>"; };
		3FF9D10114DAC10800494EBB /* enoGraphics.cpp */ = {isa = PBXFileReference; fileEncoding = 4; lastKnownFileType = sourcecode.cpp.cpp; lineEnding = 0; name = enoGraphics.cpp; path = ../eno/enoGraphics.cpp; sourceTree = "<group>"; xcLanguageSpecificationIdentifier = xcode.lang.cpp; };
		3FF9D10214DAC10800494EBB /* enoGraphics.hpp */ = {isa = PBXFileReference; fileEncoding = 4; lastKnownFileType = sourcecode.cpp.h; lineEnding = 0; name = enoGraphics.hpp; path = ../eno/enoGraphics.hpp; sourceTree = "<group>"; xcLanguageSpecificationIdentifier = xcode.lang.cpp; };
		3FFE79061560B4E0009ABE7C /* OSUtil_MACOSX.hpp */ = {isa = PBXFileReference; fileEncoding = 4; lastKnownFileType = sourcecode.cpp.h; lineEnding = 0; name = OSUtil_MACOSX.hpp; path = ../eno/MACOSX/OSUtil_MACOSX.hpp; sourceTree = "<group>"; xcLanguageSpecificationIdentifier = xcode.lang.cpp; };
		3FFE79071560B4E0009ABE7C /* OSUtil_MACOSX.mm */ = {isa = PBXFileReference; fileEncoding = 4; lastKnownFileType = sourcecode.cpp.objcpp; lineEnding = 0; name = OSUtil_MACOSX.mm; path = ../eno/MACOSX/OSUtil_MACOSX.mm; sourceTree = "<group>"; xcLanguageSpecificationIdentifier = xcode.lang.objcpp; };
		3FFE79091560B929009ABE7C /* colorType.hpp */ = {isa = PBXFileReference; fileEncoding = 4; lastKnownFileType = sourcecode.cpp.h; lineEnding = 0; name = colorType.hpp; path = ../eno/colorType.hpp; sourceTree = "<group>"; xcLanguageSpecificationIdentifier = xcode.lang.cpp; };
		53CC3A91121630F600B2D092 /* eno.cpp */ = {isa = PBXFileReference; fileEncoding = 4; lastKnownFileType = sourcecode.cpp.cpp; lineEnding = 0; name = eno.cpp; path = ../eno/eno.cpp; sourceTree = SOURCE_ROOT; xcLanguageSpecificationIdentifier = xcode.lang.cpp; };
		53CC3A92121630F600B2D092 /* eno.hpp */ = {isa = PBXFileReference; fileEncoding = 4; lastKnownFileType = sourcecode.cpp.h; lineEnding = 0; name = eno.hpp; path = ../eno/eno.hpp; sourceTree = SOURCE_ROOT; xcLanguageSpecificationIdentifier = xcode.lang.cpp; };
		53CC3A93121630F600B2D092 /* enoConfig.hpp */ = {isa = PBXFileReference; fileEncoding = 4; lastKnownFileType = sourcecode.cpp.h; lineEnding = 0; name = enoConfig.hpp; path = ../eno/enoConfig.hpp; sourceTree = SOURCE_ROOT; xcLanguageSpecificationIdentifier = xcode.lang.cpp; };
		53CC3A96121630F600B2D092 /* enoType.hpp */ = {isa = PBXFileReference; fileEncoding = 4; lastKnownFileType = sourcecode.cpp.h; lineEnding = 0; name = enoType.hpp; path = ../eno/enoType.hpp; sourceTree = SOURCE_ROOT; xcLanguageSpecificationIdentifier = xcode.lang.cpp; };
		D9040C0A14621B5B0028A25E /* enoWindow.hpp */ = {isa = PBXFileReference; fileEncoding = 4; lastKnownFileType = sourcecode.cpp.h; lineEnding = 0; name = enoWindow.hpp; path = ../eno/enoWindow.hpp; sourceTree = "<group>"; xcLanguageSpecificationIdentifier = xcode.lang.cpp; };
		D9040C0D14621B5B0028A25E /* size2d.hpp */ = {isa = PBXFileReference; fileEncoding = 4; lastKnownFileType = sourcecode.cpp.h; lineEnding = 0; name = size2d.hpp; path = ../eno/size2d.hpp; sourceTree = "<group>"; xcLanguageSpecificationIdentifier = xcode.lang.cpp; };
		D9040C0F14621D020028A25E /* enoDriver.hpp */ = {isa = PBXFileReference; fileEncoding = 4; lastKnownFileType = sourcecode.cpp.h; lineEnding = 0; name = enoDriver.hpp; path = ../eno/enoDriver.hpp; sourceTree = "<group>"; xcLanguageSpecificationIdentifier = xcode.lang.cpp; };
		D904AF4E1489CC1B00DF5EA6 /* enoRenderTarget.hpp */ = {isa = PBXFileReference; fileEncoding = 4; lastKnownFileType = sourcecode.cpp.h; lineEnding = 0; name = enoRenderTarget.hpp; path = ../eno/enoRenderTarget.hpp; sourceTree = "<group>"; xcLanguageSpecificationIdentifier = xcode.lang.cpp; };
		D926B25B1477E806000619BA /* enoApplication.hpp */ = {isa = PBXFileReference; fileEncoding = 4; lastKnownFileType = sourcecode.cpp.h; lineEnding = 0; name = enoApplication.hpp; path = ../eno/enoApplication.hpp; sourceTree = "<group>"; xcLanguageSpecificationIdentifier = xcode.lang.cpp; };
		D926B25D1477ED79000619BA /* enoApplication.cpp */ = {isa = PBXFileReference; fileEncoding = 4; lastKnownFileType = sourcecode.cpp.cpp; lineEnding = 0; name = enoApplication.cpp; path = ../eno/enoApplication.cpp; sourceTree = "<group>"; xcLanguageSpecificationIdentifier = xcode.lang.cpp; };
		D926E62914769FD0004F5C53 /* enoDriver.cpp */ = {isa = PBXFileReference; fileEncoding = 4; lastKnownFileType = sourcecode.cpp.cpp; lineEnding = 0; name = enoDriver.cpp; path = ../eno/enoDriver.cpp; sourceTree = "<group>"; xcLanguageSpecificationIdentifier = xcode.lang.cpp; };
		D92CB7831492864E00725D57 /* enoOSUtil.hpp */ = {isa = PBXFileReference; fileEncoding = 4; lastKnownFileType = sourcecode.cpp.h; lineEnding = 0; name = enoOSUtil.hpp; path = ../eno/enoOSUtil.hpp; sourceTree = "<group>"; xcLanguageSpecificationIdentifier = xcode.lang.cpp; };
		D94064361493F7DE0024F681 /* enoOSUtil.cpp */ = {isa = PBXFileReference; fileEncoding = 4; lastKnownFileType = sourcecode.cpp.cpp; lineEnding = 0; name = enoOSUtil.cpp; path = ../eno/enoOSUtil.cpp; sourceTree = "<group>"; xcLanguageSpecificationIdentifier = xcode.lang.cpp; };
		D941190514A4002100273551 /* enoWindow.cpp */ = {isa = PBXFileReference; fileEncoding = 4; lastKnownFileType = sourcecode.cpp.cpp; lineEnding = 0; name = enoWindow.cpp; path = ../eno/enoWindow.cpp; sourceTree = "<group>"; xcLanguageSpecificationIdentifier = xcode.lang.cpp; };
		D941A890149D25FD00B7B03A /* enoOSConfig.hpp */ = {isa = PBXFileReference; fileEncoding = 4; lastKnownFileType = sourcecode.cpp.h; lineEnding = 0; name = enoOSConfig.hpp; path = ../eno/enoOSConfig.hpp; sourceTree = "<group>"; xcLanguageSpecificationIdentifier = xcode.lang.cpp; };
		D983A66E14645CF700CAC4EF /* DriverMACOSX.hpp */ = {isa = PBXFileReference; fileEncoding = 4; lastKnownFileType = sourcecode.cpp.h; lineEnding = 0; name = DriverMACOSX.hpp; path = ../eno/MACOSX/DriverMACOSX.hpp; sourceTree = "<group>"; xcLanguageSpecificationIdentifier = xcode.lang.cpp; };
		D983A67014645D5700CAC4EF /* DriverMACOSX.mm */ = {isa = PBXFileReference; fileEncoding = 4; lastKnownFileType = sourcecode.cpp.objcpp; lineEnding = 0; name = DriverMACOSX.mm; path = ../eno/MACOSX/DriverMACOSX.mm; sourceTree = "<group>"; xcLanguageSpecificationIdentifier = xcode.lang.objcpp; };
		D9C630E612E6342100013457 /* main.cpp */ = {isa = PBXFileReference; fileEncoding = 4; lastKnownFileType = sourcecode.cpp.cpp; lineEnding = 0; name = main.cpp; path = ../eno/main.cpp; sourceTree = "<group>"; xcLanguageSpecificationIdentifier = xcode.lang.cpp; };
		D9F6511912F57D41008270C7 /* ImageLoader_Bmp.hpp */ = {isa = PBXFileReference; fileEncoding = 4; lastKnownFileType = sourcecode.cpp.h; lineEnding = 0; name = ImageLoader_Bmp.hpp; path = ../eno/ImageLoader_Bmp.hpp; sourceTree = SOURCE_ROOT; xcLanguageSpecificationIdentifier = xcode.lang.cpp; };
		D9F6511A12F57D41008270C7 /* ImageLoader_Bmp.cpp */ = {isa = PBXFileReference; fileEncoding = 4; lastKnownFileType = sourcecode.cpp.cpp; lineEnding = 0; name = ImageLoader_Bmp.cpp; path = ../eno/ImageLoader_Bmp.cpp; sourceTree = SOURCE_ROOT; xcLanguageSpecificationIdentifier = xcode.lang.cpp; };
		D9F6512012F57DCC008270C7 /* enoImageLoader.hpp */ = {isa = PBXFileReference; fileEncoding = 4; lastKnownFileType = sourcecode.cpp.h; lineEnding = 0; name = enoImageLoader.hpp; path = ../eno/enoImageLoader.hpp; sourceTree = SOURCE_ROOT; xcLanguageSpecificationIdentifier = xcode.lang.cpp; };
		D9F6513012F57E98008270C7 /* enoReferenceCounter.hpp */ = {isa = PBXFileReference; fileEncoding = 4; lastKnownFileType = sourcecode.cpp.h; lineEnding = 2; name = enoReferenceCounter.hpp; path = ../eno/enoReferenceCounter.hpp; sourceTree = SOURCE_ROOT; xcLanguageSpecificationIdentifier = xcode.lang.cpp; };
		D9F6515B12F57F12008270C7 /* enoTexture.hpp */ = {isa = PBXFileReference; fileEncoding = 4; lastKnownFileType = sourcecode.cpp.h; name = enoTexture.hpp; path = ../eno/enoTexture.hpp; sourceTree = SOURCE_ROOT; };
		D9F6516012F57F59008270C7 /* enoImage.hpp */ = {isa = PBXFileReference; fileEncoding = 4; lastKnownFileType = sourcecode.cpp.h; lineEnding = 0; name = enoImage.hpp; path = ../eno/enoImage.hpp; sourceTree = SOURCE_ROOT; xcLanguageSpecificationIdentifier = xcode.lang.cpp; };
		D9F6517812F57FA7008270C7 /* matrix4x4.hpp */ = {isa = PBXFileReference; fileEncoding = 4; lastKnownFileType = sourcecode.cpp.h; lineEnding = 0; name = matrix4x4.hpp; path = ../eno/matrix4x4.hpp; sourceTree = SOURCE_ROOT; xcLanguageSpecificationIdentifier = xcode.lang.cpp; };
		D9F6517B12F57FED008270C7 /* vector3d.hpp */ = {isa = PBXFileReference; fileEncoding = 4; lastKnownFileType = sourcecode.cpp.h; lineEnding = 0; name = vector3d.hpp; path = ../eno/vector3d.hpp; sourceTree = SOURCE_ROOT; xcLanguageSpecificationIdentifier = xcode.lang.cpp; };
		D9F6517C12F57FED008270C7 /* vector4d.hpp */ = {isa = PBXFileReference; fileEncoding = 4; lastKnownFileType = sourcecode.cpp.h; lineEnding = 0; name = vector4d.hpp; path = ../eno/vector4d.hpp; sourceTree = SOURCE_ROOT; xcLanguageSpecificationIdentifier = xcode.lang.cpp; };
		D9F6517D12F57FED008270C7 /* vector2d.hpp */ = {isa = PBXFileReference; fileEncoding = 4; lastKnownFileType = sourcecode.cpp.h; lineEnding = 0; name = vector2d.hpp; path = ../eno/vector2d.hpp; sourceTree = SOURCE_ROOT; xcLanguageSpecificationIdentifier = xcode.lang.cpp; };
		D9F6518412F58034008270C7 /* quaternion.hpp */ = {isa = PBXFileReference; fileEncoding = 4; lastKnownFileType = sourcecode.cpp.h; lineEnding = 0; name = quaternion.hpp; path = ../eno/quaternion.hpp; sourceTree = SOURCE_ROOT; xcLanguageSpecificationIdentifier = xcode.lang.cpp; };
		D9F6518512F58034008270C7 /* rectangle.hpp */ = {isa = PBXFileReference; fileEncoding = 4; lastKnownFileType = sourcecode.cpp.h; lineEnding = 0; name = rectangle.hpp; path = ../eno/rectangle.hpp; sourceTree = SOURCE_ROOT; xcLanguageSpecificationIdentifier = xcode.lang.cpp; };
		D9F651AB12F580F0008270C7 /* enoMath.hpp */ = {isa = PBXFileReference; fileEncoding = 4; lastKnownFileType = sourcecode.cpp.h; lineEnding = 0; name = enoMath.hpp; path = ../eno/enoMath.hpp; sourceTree = SOURCE_ROOT; xcLanguageSpecificationIdentifier = xcode.lang.cpp; };
		D9FB4FAF1486C5BB005564DD /* Window_MACOSX.hpp */ = {isa = PBXFileReference; fileEncoding = 4; lastKnownFileType = sourcecode.cpp.h; lineEnding = 2; name = Window_MACOSX.hpp; path = ../eno/MACOSX/Window_MACOSX.hpp; sourceTree = "<group>"; xcLanguageSpecificationIdentifier = xcode.lang.cpp; };
		D9FB4FB01486C5BB005564DD /* Window_MACOSX.mm */ = {isa = PBXFileReference; fileEncoding = 4; lastKnownFileType = sourcecode.cpp.objcpp; lineEnding = 2; name = Window_MACOSX.mm; path = ../eno/MACOSX/Window_MACOSX.mm; sourceTree = "<group>"; xcLanguageSpecificationIdentifier = xcode.lang.objcpp; };
		D9FBE5531478C7450032C5A9 /* enoTimer.hpp */ = {isa = PBXFileReference; fileEncoding = 4; lastKnownFileType = sourcecode.cpp.h; lineEnding = 0; name = enoTimer.hpp; path = ../eno/enoTimer.hpp; sourceTree = "<group>"; xcLanguageSpecificationIdentifier = xcode.lang.cpp; };
		D9FBE5551478C7580032C5A9 /* enoTimer.cpp */ = {isa = PBXFileReference; fileEncoding = 4; lastKnownFileType = sourcecode.cpp.cpp; lineEnding = 0; name = enoTimer.cpp; path = ../eno/enoTimer.cpp; sourceTree = "<group>"; xcLanguageSpecificationIdentifier = xcode.lang.cpp; };
/* End PBXFileReference section */

/* Begin PBXFrameworksBuildPhase section */
		3F7524E8157B63D100F6DA63 /* Frameworks */ = {
			isa = PBXFrameworksBuildPhase;
			buildActionMask = 2147483647;
			files = (
				3F75251E157B653500F6DA63 /* enolibrary-static.a in Frameworks */,
				3F75251D157B646000F6DA63 /* OpenGL.framework in Frameworks */,
				3FC90FF9157CF92F0081118F /* Cocoa.framework in Frameworks */,
			);
			runOnlyForDeploymentPostprocessing = 0;
		};
		3FBD926B1575A53A0052B482 /* Frameworks */ = {
			isa = PBXFrameworksBuildPhase;
			buildActionMask = 2147483647;
			files = (
			);
			runOnlyForDeploymentPostprocessing = 0;
		};
		3FC90FD7157CC9A10081118F /* Frameworks */ = {
			isa = PBXFrameworksBuildPhase;
			buildActionMask = 2147483647;
			files = (
				3FC90FF2157CF5F00081118F /* enolibrary-static.a in Frameworks */,
				3FC90FEF157CF5B90081118F /* SenTestingKit.framework in Frameworks */,
				3FC90FFA157CF9430081118F /* Cocoa.framework in Frameworks */,
			);
			runOnlyForDeploymentPostprocessing = 0;
		};
/* End PBXFrameworksBuildPhase section */

/* Begin PBXGroup section */
		1058C7A0FEA54F0111CA2CBB /* Linked Frameworks */ = {
			isa = PBXGroup;
			children = (
				3FBD92AC1575A9E00052B482 /* OpenGL.framework */,
				3FBD92AA1575A9D70052B482 /* Cocoa.framework */,
			);
			name = "Linked Frameworks";
			sourceTree = "<group>";
		};
		1058C7A2FEA54F0111CA2CBB /* Other Frameworks */ = {
			isa = PBXGroup;
			children = (
				3FC90FED157CF48B0081118F /* SenTestingKit.framework */,
				29B97324FDCFA39411CA2CEA /* AppKit.framework */,
				13E42FB307B3F0F600E4EEF1 /* CoreData.framework */,
				29B97325FDCFA39411CA2CEA /* Foundation.framework */,
			);
			name = "Other Frameworks";
			sourceTree = "<group>";
		};
		19C28FACFE9D520D11CA2CBB /* Products */ = {
			isa = PBXGroup;
			children = (
				3FBD926E1575A53A0052B482 /* enolibrary-static.a */,
				3F7524EB157B63D100F6DA63 /* example.app */,
				3FC90FDB157CC9A10081118F /* Unittest.octest */,
			);
			name = Products;
			sourceTree = "<group>";
		};
		29B97314FDCFA39411CA2CEA /* eno */ = {
			isa = PBXGroup;
			children = (
				D9C630E512E6340B00013457 /* Source */,
				3FC90FDF157CC9A10081118F /* Unittest */,
				29B97323FDCFA39411CA2CEA /* Frameworks */,
				19C28FACFE9D520D11CA2CBB /* Products */,
			);
			name = eno;
			sourceTree = "<group>";
		};
		29B97315FDCFA39411CA2CEA /* eno */ = {
			isa = PBXGroup;
			children = (
				3FF9D10014DABE2900494EBB /* version.cpp */,
				D98D4133129C33C3008D3697 /* core */,
				D98D4134129C3402008D3697 /* display */,
				D9C631C012E646D300013457 /* game */,
				D993F7E012E7995A001B4CFA /* os */,
				53CC3A92121630F600B2D092 /* eno.hpp */,
				53CC3A91121630F600B2D092 /* eno.cpp */,
				53CC3A93121630F600B2D092 /* enoConfig.hpp */,
				D9F6513012F57E98008270C7 /* enoReferenceCounter.hpp */,
				D9F651AB12F580F0008270C7 /* enoMath.hpp */,
				53CC3A96121630F600B2D092 /* enoType.hpp */,
				D926B25B1477E806000619BA /* enoApplication.hpp */,
				D926B25D1477ED79000619BA /* enoApplication.cpp */,
			);
			name = eno;
			sourceTree = "<group>";
		};
		29B97323FDCFA39411CA2CEA /* Frameworks */ = {
			isa = PBXGroup;
			children = (
				1058C7A0FEA54F0111CA2CBB /* Linked Frameworks */,
				1058C7A2FEA54F0111CA2CBB /* Other Frameworks */,
			);
			name = Frameworks;
			sourceTree = "<group>";
		};
		3F74475115082DC40003DD67 /* StdString */ = {
			isa = PBXGroup;
			children = (
				3F74475315082DCE0003DD67 /* StdString.h */,
			);
			name = StdString;
			sourceTree = "<group>";
		};
		3F74475615082F340003DD67 /* File */ = {
			isa = PBXGroup;
			children = (
				3F74475715082F650003DD67 /* enoFile.cpp */,
				3F74475815082F650003DD67 /* enoFile.hpp */,
			);
			name = File;
			sourceTree = "<group>";
		};
		3F7524C51578B10400F6DA63 /* zlib */ = {
			isa = PBXGroup;
			children = (
				3F7524C71578B12600F6DA63 /* adler32.c */,
				3F7524C81578B12600F6DA63 /* compress.c */,
				3F7524C91578B12600F6DA63 /* crc32.c */,
				3F7524CA1578B12600F6DA63 /* deflate.c */,
				3F7524CB1578B12600F6DA63 /* gzclose.c */,
				3FC91004157DB51D0081118F /* gzlib.c */,
				3F7524CD1578B12600F6DA63 /* gzread.c */,
				3F7524CE1578B12600F6DA63 /* gzwrite.c */,
				3F7524CF1578B12600F6DA63 /* infback.c */,
				3F7524D01578B12600F6DA63 /* inffast.c */,
				3F7524D11578B12600F6DA63 /* inflate.c */,
				3F7524D21578B12600F6DA63 /* inftrees.c */,
				3F7524D31578B12600F6DA63 /* trees.c */,
				3F7524D41578B12600F6DA63 /* uncompr.c */,
				3F7524E31578B14100F6DA63 /* zutil.c */,
			);
			name = zlib;
			sourceTree = "<group>";
		};
		3FBD922F157599F20052B482 /* Library */ = {
			isa = PBXGroup;
			children = (
				3F7524C51578B10400F6DA63 /* zlib */,
				3FBD923115759A1F0052B482 /* libpng */,
				3F74475115082DC40003DD67 /* StdString */,
			);
			name = Library;
			sourceTree = "<group>";
		};
		3FBD923115759A1F0052B482 /* libpng */ = {
			isa = PBXGroup;
			children = (
				3FBD924915759BB20052B482 /* png.c */,
				3FBD924A15759BB20052B482 /* pngerror.c */,
				3FBD924B15759BB20052B482 /* pngget.c */,
				3FBD924C15759BB20052B482 /* pngmem.c */,
				3FBD924D15759BB20052B482 /* pngpread.c */,
				3FBD924E15759BB20052B482 /* pngread.c */,
				3FBD924F15759BB20052B482 /* pngrio.c */,
				3FBD925015759BB20052B482 /* pngrtran.c */,
				3FBD925115759BB20052B482 /* pngrutil.c */,
				3FBD925215759BB20052B482 /* pngset.c */,
				3FBD925415759BB20052B482 /* pngtrans.c */,
				3FBD925515759BB20052B482 /* pngwio.c */,
				3FBD925615759BB20052B482 /* pngwrite.c */,
				3FBD925715759BB20052B482 /* pngwtran.c */,
				3FBD925815759BB20052B482 /* pngwutil.c */,
			);
			name = libpng;
			sourceTree = "<group>";
		};
		3FC90FDF157CC9A10081118F /* Unittest */ = {
			isa = PBXGroup;
			children = (
				3FC90FE6157CC9A10081118F /* Unittest.mm */,
			);
			path = Unittest;
			sourceTree = "<group>";
		};
		3FC9101A157E0B380081118F /* Texture */ = {
			isa = PBXGroup;
			children = (
				3FC9101C157E0BCC0081118F /* Texture_OGL.cpp */,
				3FC9101D157E0BCC0081118F /* Texture_OGL.hpp */,
				D9F6515B12F57F12008270C7 /* enoTexture.hpp */,
			);
			name = Texture;
			sourceTree = "<group>";
		};
		D9040C0E14621CEA0028A25E /* Driver */ = {
			isa = PBXGroup;
			children = (
				D986A89514609B46003E8D37 /* MACOSX */,
				D9040C0F14621D020028A25E /* enoDriver.hpp */,
				D926E62914769FD0004F5C53 /* enoDriver.cpp */,
			);
			name = Driver;
			sourceTree = "<group>";
		};
		D92CB78514928B4300725D57 /* Util */ = {
			isa = PBXGroup;
			children = (
				D92CB78614928B5200725D57 /* macosx */,
				D92CB7831492864E00725D57 /* enoOSUtil.hpp */,
				D94064361493F7DE0024F681 /* enoOSUtil.cpp */,
			);
			name = Util;
			sourceTree = "<group>";
		};
		D92CB78614928B5200725D57 /* macosx */ = {
			isa = PBXGroup;
			children = (
				3FFE79061560B4E0009ABE7C /* OSUtil_MACOSX.hpp */,
				3FFE79071560B4E0009ABE7C /* OSUtil_MACOSX.mm */,
			);
			name = macosx;
			sourceTree = "<group>";
		};
		D941A88E149D25A600B7B03A /* Timer */ = {
			isa = PBXGroup;
			children = (
				D9FBE5531478C7450032C5A9 /* enoTimer.hpp */,
				D9FBE5551478C7580032C5A9 /* enoTimer.cpp */,
			);
			name = Timer;
			sourceTree = "<group>";
		};
		D9764E2B12EE13F30028EE15 /* color */ = {
			isa = PBXGroup;
			children = (
				3FFE79091560B929009ABE7C /* colorType.hpp */,
			);
			name = color;
			sourceTree = "<group>";
		};
		D986A89514609B46003E8D37 /* MACOSX */ = {
			isa = PBXGroup;
			children = (
				D983A66E14645CF700CAC4EF /* DriverMACOSX.hpp */,
				D983A67014645D5700CAC4EF /* DriverMACOSX.mm */,
			);
			name = MACOSX;
			sourceTree = "<group>";
		};
		D98D4133129C33C3008D3697 /* core */ = {
			isa = PBXGroup;
			children = (
				D9F6518412F58034008270C7 /* quaternion.hpp */,
				D9F6518512F58034008270C7 /* rectangle.hpp */,
				D9F6517D12F57FED008270C7 /* vector2d.hpp */,
				D9F6517B12F57FED008270C7 /* vector3d.hpp */,
				D9F6517C12F57FED008270C7 /* vector4d.hpp */,
				D9040C0D14621B5B0028A25E /* size2d.hpp */,
				D9F6517812F57FA7008270C7 /* matrix4x4.hpp */,
			);
			name = core;
			sourceTree = "<group>";
		};
		D98D4134129C3402008D3697 /* display */ = {
			isa = PBXGroup;
			children = (
				3FF9D10114DAC10800494EBB /* enoGraphics.cpp */,
				3FF9D10214DAC10800494EBB /* enoGraphics.hpp */,
				3F859E1B151397BA00479FA6 /* enoGraphicsType.hpp */,
				3FAE730A15817AC700A61E2A /* enoGraphicsType.cpp */,
				D9764E2B12EE13F30028EE15 /* color */,
				D993F81212E839C3001B4CFA /* renderer */,
				3FC9101A157E0B380081118F /* Texture */,
				D993F81112E839BA001B4CFA /* Image */,
				D993F83012E85228001B4CFA /* ImageLoader */,
				D904AF4E1489CC1B00DF5EA6 /* enoRenderTarget.hpp */,
			);
			name = display;
			sourceTree = "<group>";
		};
		D993F7E012E7995A001B4CFA /* os */ = {
			isa = PBXGroup;
			children = (
				3F74475615082F340003DD67 /* File */,
				D92CB78514928B4300725D57 /* Util */,
				D9040C0E14621CEA0028A25E /* Driver */,
				D9FB4FAC1486C5BB005564DD /* Window */,
				D941A88E149D25A600B7B03A /* Timer */,
				D941A890149D25FD00B7B03A /* enoOSConfig.hpp */,
			);
			name = os;
			sourceTree = "<group>";
		};
		D993F81112E839BA001B4CFA /* Image */ = {
			isa = PBXGroup;
			children = (
				3F74475415082EF60003DD67 /* enoImage.cpp */,
				D9F6516012F57F59008270C7 /* enoImage.hpp */,
			);
			name = Image;
			sourceTree = "<group>";
		};
		D993F81212E839C3001B4CFA /* renderer */ = {
			isa = PBXGroup;
			children = (
				3F2F2A56150F67650060E22F /* GraphicsImpl_OGL.cpp */,
				3F2F2A57150F67650060E22F /* GraphicsImpl_OGL.hpp */,
				3F2F2A58150F67650060E22F /* GraphicsImpl.hpp */,
			);
			name = renderer;
			sourceTree = "<group>";
		};
		D993F83012E85228001B4CFA /* ImageLoader */ = {
			isa = PBXGroup;
			children = (
				D9F6512012F57DCC008270C7 /* enoImageLoader.hpp */,
				D9F6511912F57D41008270C7 /* ImageLoader_Bmp.hpp */,
				D9F6511A12F57D41008270C7 /* ImageLoader_Bmp.cpp */,
				3FBD92C61575ADDE0052B482 /* ImageLoader_Png.hpp */,
				3FBD92C41575ADC50052B482 /* ImageLoader_Png.cpp */,
			);
			name = ImageLoader;
			sourceTree = "<group>";
		};
		D9C630E512E6340B00013457 /* Source */ = {
			isa = PBXGroup;
			children = (
				3FBD922F157599F20052B482 /* Library */,
				29B97315FDCFA39411CA2CEA /* eno */,
				D9C630E612E6342100013457 /* main.cpp */,
			);
			name = Source;
			sourceTree = "<group>";
		};
		D9C631C012E646D300013457 /* game */ = {
			isa = PBXGroup;
			children = (
				3F91AAF4158EC398003224B7 /* enoTweener.cpp */,
				3F91AAF5158EC398003224B7 /* enoTweener.hpp */,
			);
			name = game;
			sourceTree = "<group>";
		};
		D9FB4FAC1486C5BB005564DD /* Window */ = {
			isa = PBXGroup;
			children = (
				D9FB4FAE1486C5BB005564DD /* MAXOSX */,
				D9040C0A14621B5B0028A25E /* enoWindow.hpp */,
				D941190514A4002100273551 /* enoWindow.cpp */,
			);
			name = Window;
			sourceTree = "<group>";
		};
		D9FB4FAE1486C5BB005564DD /* MAXOSX */ = {
			isa = PBXGroup;
			children = (
				D9FB4FAF1486C5BB005564DD /* Window_MACOSX.hpp */,
				D9FB4FB01486C5BB005564DD /* Window_MACOSX.mm */,
			);
			name = MAXOSX;
			sourceTree = "<group>";
		};
/* End PBXGroup section */

/* Begin PBXHeadersBuildPhase section */
		3FBD926C1575A53A0052B482 /* Headers */ = {
			isa = PBXHeadersBuildPhase;
			buildActionMask = 2147483647;
			files = (
				3FC9101F157E0BCC0081118F /* Texture_OGL.hpp in Headers */,
				3F91AAF7158EC398003224B7 /* enoTweener.hpp in Headers */,
			);
			runOnlyForDeploymentPostprocessing = 0;
		};
/* End PBXHeadersBuildPhase section */

/* Begin PBXLegacyTarget section */
		D941190814A4CF6700273551 /* version */ = {
			isa = PBXLegacyTarget;
			buildArgumentsString = version.rb;
			buildConfigurationList = D941190914A4CF6700273551 /* Build configuration list for PBXLegacyTarget "version" */;
			buildPhases = (
			);
			buildToolPath = /usr/bin/ruby;
			buildWorkingDirectory = ../Scripts;
			dependencies = (
			);
			name = version;
			passBuildSettingsInEnvironment = 1;
			productName = version;
		};
/* End PBXLegacyTarget section */

/* Begin PBXNativeTarget section */
		3F7524EA157B63D100F6DA63 /* example */ = {
			isa = PBXNativeTarget;
			buildConfigurationList = 3F752501157B63D200F6DA63 /* Build configuration list for PBXNativeTarget "example" */;
			buildPhases = (
				3F7524E7157B63D100F6DA63 /* Sources */,
				3F7524E8157B63D100F6DA63 /* Frameworks */,
				3F7524E9157B63D100F6DA63 /* Resources */,
			);
			buildRules = (
			);
			dependencies = (
				3F752505157B63F800F6DA63 /* PBXTargetDependency */,
			);
			name = example;
			productName = example;
			productReference = 3F7524EB157B63D100F6DA63 /* example.app */;
			productType = "com.apple.product-type.application";
		};
		3FBD926D1575A53A0052B482 /* library-static */ = {
			isa = PBXNativeTarget;
			buildConfigurationList = 3FBD926F1575A53A0052B482 /* Build configuration list for PBXNativeTarget "library-static" */;
			buildPhases = (
				3FBD926A1575A53A0052B482 /* Sources */,
				3FBD926B1575A53A0052B482 /* Frameworks */,
				3FBD926C1575A53A0052B482 /* Headers */,
			);
			buildRules = (
			);
			dependencies = (
				3FBD92A31575A9610052B482 /* PBXTargetDependency */,
			);
			name = "library-static";
			productName = "library-static";
			productReference = 3FBD926E1575A53A0052B482 /* enolibrary-static.a */;
			productType = "com.apple.product-type.library.static";
		};
		3FC90FDA157CC9A10081118F /* Unittest */ = {
			isa = PBXNativeTarget;
			buildConfigurationList = 3FC90FEB157CC9A10081118F /* Build configuration list for PBXNativeTarget "Unittest" */;
			buildPhases = (
				3FC90FD6157CC9A10081118F /* Sources */,
				3FC90FD7157CC9A10081118F /* Frameworks */,
				3FC90FD8157CC9A10081118F /* Resources */,
				3FC90FD9157CC9A10081118F /* ShellScript */,
			);
			buildRules = (
			);
			dependencies = (
				3FC90FF1157CF5EB0081118F /* PBXTargetDependency */,
			);
			name = Unittest;
			productName = Unittest;
			productReference = 3FC90FDB157CC9A10081118F /* Unittest.octest */;
			productType = "com.apple.product-type.bundle";
		};
/* End PBXNativeTarget section */

/* Begin PBXProject section */
		29B97313FDCFA39411CA2CEA /* Project object */ = {
			isa = PBXProject;
			attributes = {
				LastUpgradeCheck = 0430;
			};
			buildConfigurationList = C01FCF4E08A954540054247B /* Build configuration list for PBXProject "eno" */;
			compatibilityVersion = "Xcode 3.2";
			developmentRegion = English;
			hasScannedForEncodings = 1;
			knownRegions = (
				English,
				Japanese,
				French,
				German,
				en,
			);
			mainGroup = 29B97314FDCFA39411CA2CEA /* eno */;
			projectDirPath = "";
			projectRoot = "";
			targets = (
				3FBD926D1575A53A0052B482 /* library-static */,
				D941190814A4CF6700273551 /* version */,
				3F7524EA157B63D100F6DA63 /* example */,
				3FC90FDA157CC9A10081118F /* Unittest */,
			);
		};
/* End PBXProject section */

/* Begin PBXResourcesBuildPhase section */
		3F7524E9157B63D100F6DA63 /* Resources */ = {
			isa = PBXResourcesBuildPhase;
			buildActionMask = 2147483647;
			files = (
			);
			runOnlyForDeploymentPostprocessing = 0;
		};
		3FC90FD8157CC9A10081118F /* Resources */ = {
			isa = PBXResourcesBuildPhase;
			buildActionMask = 2147483647;
			files = (
			);
			runOnlyForDeploymentPostprocessing = 0;
		};
/* End PBXResourcesBuildPhase section */

/* Begin PBXShellScriptBuildPhase section */
		3FC90FD9157CC9A10081118F /* ShellScript */ = {
			isa = PBXShellScriptBuildPhase;
			buildActionMask = 2147483647;
			files = (
			);
			inputPaths = (
			);
			outputPaths = (
			);
			runOnlyForDeploymentPostprocessing = 0;
			shellPath = /bin/sh;
			shellScript = "# Run the unit tests in this test bundle.\n\"${SYSTEM_DEVELOPER_DIR}/Tools/RunUnitTests\"\n";
		};
/* End PBXShellScriptBuildPhase section */

/* Begin PBXSourcesBuildPhase section */
		3F7524E7157B63D100F6DA63 /* Sources */ = {
			isa = PBXSourcesBuildPhase;
			buildActionMask = 2147483647;
			files = (
				3F75250A157B643200F6DA63 /* main.cpp in Sources */,
			);
			runOnlyForDeploymentPostprocessing = 0;
		};
		3FBD926A1575A53A0052B482 /* Sources */ = {
			isa = PBXSourcesBuildPhase;
			buildActionMask = 2147483647;
			files = (
				3FBD92721575A5B90052B482 /* enoGraphics.cpp in Sources */,
				3FBD92731575A5B90052B482 /* GraphicsImpl_OGL.cpp in Sources */,
				3FBD92741575A5B90052B482 /* enoImage.cpp in Sources */,
				3FBD92751575A5B90052B482 /* ImageLoader_Bmp.cpp in Sources */,
				3FBD92761575A5B90052B482 /* enoFile.cpp in Sources */,
				3FBD92771575A5B90052B482 /* OSUtil_MACOSX.mm in Sources */,
				3FBD92781575A5B90052B482 /* enoOSUtil.cpp in Sources */,
				3FBD92791575A5B90052B482 /* enoDriver.cpp in Sources */,
				3FBD927A1575A5B90052B482 /* enoWindow.cpp in Sources */,
				3FBD927B1575A5B90052B482 /* enoTimer.cpp in Sources */,
				3FBD927C1575A5B90052B482 /* eno.cpp in Sources */,
				3FBD927D1575A5B90052B482 /* enoApplication.cpp in Sources */,
				3FBD92811575A60A0052B482 /* png.c in Sources */,
				3FBD92821575A60A0052B482 /* pngerror.c in Sources */,
				3FBD92831575A60A0052B482 /* pngget.c in Sources */,
				3FBD92841575A60A0052B482 /* pngmem.c in Sources */,
				3FBD92851575A60A0052B482 /* pngpread.c in Sources */,
				3FBD92861575A60A0052B482 /* pngread.c in Sources */,
				3FBD92871575A60A0052B482 /* pngrio.c in Sources */,
				3FBD92881575A60A0052B482 /* pngrtran.c in Sources */,
				3FBD92891575A60A0052B482 /* pngrutil.c in Sources */,
				3FBD928A1575A60A0052B482 /* pngset.c in Sources */,
				3FBD928C1575A60A0052B482 /* pngtrans.c in Sources */,
				3FBD928D1575A60A0052B482 /* pngwio.c in Sources */,
				3FBD928E1575A60A0052B482 /* pngwrite.c in Sources */,
				3FBD928F1575A60A0052B482 /* pngwtran.c in Sources */,
				3FBD92901575A60A0052B482 /* pngwutil.c in Sources */,
				3FBD92C21575AA3D0052B482 /* DriverMACOSX.mm in Sources */,
				3FBD92C31575AA3D0052B482 /* Window_MACOSX.mm in Sources */,
				3FBD92C51575ADC50052B482 /* ImageLoader_Png.cpp in Sources */,
				3F7524D51578B12600F6DA63 /* adler32.c in Sources */,
				3F7524D61578B12600F6DA63 /* compress.c in Sources */,
				3F7524D71578B12600F6DA63 /* crc32.c in Sources */,
				3F7524D81578B12600F6DA63 /* deflate.c in Sources */,
				3F7524D91578B12600F6DA63 /* gzclose.c in Sources */,
				3FC91003157DB51D0081118F /* gzlib.c in Sources */,
				3F7524DB1578B12600F6DA63 /* gzread.c in Sources */,
				3F7524DC1578B12600F6DA63 /* gzwrite.c in Sources */,
				3F7524DD1578B12600F6DA63 /* infback.c in Sources */,
				3F7524DE1578B12600F6DA63 /* inffast.c in Sources */,
				3F7524DF1578B12600F6DA63 /* inflate.c in Sources */,
				3F7524E01578B12600F6DA63 /* inftrees.c in Sources */,
				3F7524E11578B12600F6DA63 /* trees.c in Sources */,
				3F7524E21578B12600F6DA63 /* uncompr.c in Sources */,
				3F7524E41578B14100F6DA63 /* zutil.c in Sources */,
				3FC9101E157E0BCC0081118F /* Texture_OGL.cpp in Sources */,
				3FAE730B15817AC700A61E2A /* enoGraphicsType.cpp in Sources */,
				3F91AAF6158EC398003224B7 /* enoTweener.cpp in Sources */,
			);
			runOnlyForDeploymentPostprocessing = 0;
		};
		3FC90FD6157CC9A10081118F /* Sources */ = {
			isa = PBXSourcesBuildPhase;
			buildActionMask = 2147483647;
			files = (
				3FC90FE7157CC9A10081118F /* Unittest.mm in Sources */,
			);
			runOnlyForDeploymentPostprocessing = 0;
		};
/* End PBXSourcesBuildPhase section */

/* Begin PBXTargetDependency section */
		3F752505157B63F800F6DA63 /* PBXTargetDependency */ = {
			isa = PBXTargetDependency;
			target = 3FBD926D1575A53A0052B482 /* library-static */;
			targetProxy = 3F752504157B63F800F6DA63 /* PBXContainerItemProxy */;
		};
		3FBD92A31575A9610052B482 /* PBXTargetDependency */ = {
			isa = PBXTargetDependency;
			target = D941190814A4CF6700273551 /* version */;
			targetProxy = 3FBD92A21575A9610052B482 /* PBXContainerItemProxy */;
		};
		3FC90FF1157CF5EB0081118F /* PBXTargetDependency */ = {
			isa = PBXTargetDependency;
			target = 3FBD926D1575A53A0052B482 /* library-static */;
			targetProxy = 3FC90FF0157CF5EB0081118F /* PBXContainerItemProxy */;
		};
/* End PBXTargetDependency section */

/* Begin XCBuildConfiguration section */
		3F752502157B63D200F6DA63 /* Debug */ = {
			isa = XCBuildConfiguration;
			buildSettings = {
				ALWAYS_SEARCH_USER_PATHS = NO;
				ARCHS = "$(ARCHS_STANDARD_32_64_BIT)";
				COPY_PHASE_STRIP = NO;
				GCC_DYNAMIC_NO_PIC = NO;
				GCC_ENABLE_OBJC_EXCEPTIONS = YES;
				GCC_PRECOMPILE_PREFIX_HEADER = YES;
				GCC_PREFIX_HEADER = "";
				GCC_PREPROCESSOR_DEFINITIONS = (
					"DEBUG=1",
					"$(inherited)",
				);
				GCC_SYMBOLS_PRIVATE_EXTERN = NO;
				GCC_VERSION = com.apple.compilers.llvm.clang.1_0;
				GCC_WARN_64_TO_32_BIT_CONVERSION = YES;
				GCC_WARN_UNINITIALIZED_AUTOS = YES;
				INFOPLIST_FILE = Info.plist;
				MACOSX_DEPLOYMENT_TARGET = 10.7;
				PRODUCT_NAME = "$(TARGET_NAME)";
				STRINGS_FILE_OUTPUT_ENCODING = "UTF-8";
				WRAPPER_EXTENSION = app;
			};
			name = Debug;
		};
		3F752503157B63D200F6DA63 /* Release */ = {
			isa = XCBuildConfiguration;
			buildSettings = {
				ALWAYS_SEARCH_USER_PATHS = NO;
				ARCHS = "$(ARCHS_STANDARD_32_64_BIT)";
				COPY_PHASE_STRIP = YES;
				DEBUG_INFORMATION_FORMAT = "dwarf-with-dsym";
				GCC_ENABLE_OBJC_EXCEPTIONS = YES;
				GCC_PRECOMPILE_PREFIX_HEADER = YES;
				GCC_PREFIX_HEADER = "";
				GCC_VERSION = com.apple.compilers.llvm.clang.1_0;
				GCC_WARN_64_TO_32_BIT_CONVERSION = YES;
				GCC_WARN_UNINITIALIZED_AUTOS = YES;
				INFOPLIST_FILE = Info.plist;
				MACOSX_DEPLOYMENT_TARGET = 10.7;
				PRODUCT_NAME = "$(TARGET_NAME)";
				STRINGS_FILE_OUTPUT_ENCODING = "UTF-8";
				WRAPPER_EXTENSION = app;
			};
			name = Release;
		};
		3FBD92701575A53A0052B482 /* Debug */ = {
			isa = XCBuildConfiguration;
			buildSettings = {
				ALWAYS_SEARCH_USER_PATHS = NO;
				ARCHS = "$(ARCHS_STANDARD_32_64_BIT)";
				COPY_PHASE_STRIP = NO;
				EXECUTABLE_PREFIX = eno;
				GCC_DYNAMIC_NO_PIC = NO;
				GCC_ENABLE_OBJC_EXCEPTIONS = YES;
				GCC_PREPROCESSOR_DEFINITIONS = (
					"DEBUG=1",
					"$(inherited)",
				);
				GCC_SYMBOLS_PRIVATE_EXTERN = NO;
				GCC_VERSION = com.apple.compilers.llvm.clang.1_0;
				GCC_WARN_64_TO_32_BIT_CONVERSION = YES;
				GCC_WARN_UNINITIALIZED_AUTOS = YES;
				MACOSX_DEPLOYMENT_TARGET = 10.7;
				PRODUCT_NAME = "$(TARGET_NAME)";
				STRINGS_FILE_OUTPUT_ENCODING = "UTF-8";
			};
			name = Debug;
		};
		3FBD92711575A53A0052B482 /* Release */ = {
			isa = XCBuildConfiguration;
			buildSettings = {
				ALWAYS_SEARCH_USER_PATHS = NO;
				ARCHS = "$(ARCHS_STANDARD_32_64_BIT)";
				COPY_PHASE_STRIP = YES;
				DEBUG_INFORMATION_FORMAT = "dwarf-with-dsym";
				EXECUTABLE_PREFIX = eno;
				GCC_ENABLE_OBJC_EXCEPTIONS = YES;
				GCC_VERSION = com.apple.compilers.llvm.clang.1_0;
				GCC_WARN_64_TO_32_BIT_CONVERSION = YES;
				GCC_WARN_UNINITIALIZED_AUTOS = YES;
				MACOSX_DEPLOYMENT_TARGET = 10.7;
				PRODUCT_NAME = "$(TARGET_NAME)";
				STRINGS_FILE_OUTPUT_ENCODING = "UTF-8";
			};
			name = Release;
		};
		3FC90FE9157CC9A10081118F /* Debug */ = {
			isa = XCBuildConfiguration;
			buildSettings = {
				ALWAYS_SEARCH_USER_PATHS = NO;
				ARCHS = "$(ARCHS_STANDARD_32_64_BIT)";
				COPY_PHASE_STRIP = NO;
				FRAMEWORK_SEARCH_PATHS = "$(DEVELOPER_LIBRARY_DIR)/Frameworks";
				GCC_DYNAMIC_NO_PIC = NO;
				GCC_ENABLE_OBJC_EXCEPTIONS = YES;
				GCC_PRECOMPILE_PREFIX_HEADER = NO;
				GCC_PREPROCESSOR_DEFINITIONS = (
					"DEBUG=1",
					"$(inherited)",
				);
				GCC_SYMBOLS_PRIVATE_EXTERN = NO;
				GCC_VERSION = com.apple.compilers.llvm.clang.1_0;
				GCC_WARN_64_TO_32_BIT_CONVERSION = YES;
				GCC_WARN_UNINITIALIZED_AUTOS = YES;
				MACOSX_DEPLOYMENT_TARGET = 10.7;
				PRODUCT_NAME = "$(TARGET_NAME)";
				STRINGS_FILE_OUTPUT_ENCODING = "UTF-8";
				WRAPPER_EXTENSION = octest;
			};
			name = Debug;
		};
		3FC90FEA157CC9A10081118F /* Release */ = {
			isa = XCBuildConfiguration;
			buildSettings = {
				ALWAYS_SEARCH_USER_PATHS = NO;
				ARCHS = "$(ARCHS_STANDARD_32_64_BIT)";
				COPY_PHASE_STRIP = YES;
				DEBUG_INFORMATION_FORMAT = "dwarf-with-dsym";
				FRAMEWORK_SEARCH_PATHS = "$(DEVELOPER_LIBRARY_DIR)/Frameworks";
				GCC_ENABLE_OBJC_EXCEPTIONS = YES;
				GCC_PRECOMPILE_PREFIX_HEADER = NO;
				GCC_VERSION = com.apple.compilers.llvm.clang.1_0;
				GCC_WARN_64_TO_32_BIT_CONVERSION = YES;
				GCC_WARN_UNINITIALIZED_AUTOS = YES;
				MACOSX_DEPLOYMENT_TARGET = 10.7;
				PRODUCT_NAME = "$(TARGET_NAME)";
				STRINGS_FILE_OUTPUT_ENCODING = "UTF-8";
				WRAPPER_EXTENSION = octest;
			};
			name = Release;
		};
		C01FCF4F08A954540054247B /* Debug */ = {
			isa = XCBuildConfiguration;
			buildSettings = {
				ARCHS = "$(ARCHS_STANDARD_32_64_BIT)";
				CLANG_CXX_LANGUAGE_STANDARD = "c++0x";
				CLANG_CXX_LIBRARY = "libc++";
				GCC_C_LANGUAGE_STANDARD = gnu99;
				GCC_ENABLE_FLOATING_POINT_LIBRARY_CALLS = NO;
				GCC_ENABLE_SSE3_EXTENSIONS = YES;
				GCC_ENABLE_SSE41_EXTENSIONS = NO;
				GCC_ENABLE_SSE42_EXTENSIONS = NO;
				GCC_ENABLE_SUPPLEMENTAL_SSE3_INSTRUCTIONS = YES;
				GCC_LINK_WITH_DYNAMIC_LIBRARIES = YES;
				GCC_OPTIMIZATION_LEVEL = 0;
				GCC_STRICT_ALIASING = NO;
				GCC_VERSION = "";
				GCC_WARN_ABOUT_RETURN_TYPE = YES;
				GCC_WARN_UNUSED_VARIABLE = YES;
				HEADER_SEARCH_PATHS = "\"${SRCROOT}/../Extra\"";
				ONLY_ACTIVE_ARCH = YES;
				OTHER_CFLAGS = "";
				SDKROOT = macosx;
				USER_HEADER_SEARCH_PATHS = "";
			};
			name = Debug;
		};
		C01FCF5008A954540054247B /* Release */ = {
			isa = XCBuildConfiguration;
			buildSettings = {
				ARCHS = "$(ARCHS_STANDARD_32_64_BIT)";
				CLANG_CXX_LANGUAGE_STANDARD = "c++0x";
				CLANG_CXX_LIBRARY = "libc++";
				GCC_C_LANGUAGE_STANDARD = gnu99;
				GCC_VERSION = "";
				GCC_WARN_ABOUT_RETURN_TYPE = YES;
				GCC_WARN_UNUSED_VARIABLE = YES;
				HEADER_SEARCH_PATHS = "\"${SRCROOT}/../Extra\"";
				SDKROOT = macosx;
				USER_HEADER_SEARCH_PATHS = "";
			};
			name = Release;
		};
		D941190A14A4CF6700273551 /* Debug */ = {
			isa = XCBuildConfiguration;
			buildSettings = {
				ALWAYS_SEARCH_USER_PATHS = NO;
				ARCHS = "$(ARCHS_STANDARD_64_BIT)";
				COPY_PHASE_STRIP = NO;
				DEBUGGING_SYMBOLS = YES;
				GCC_DYNAMIC_NO_PIC = NO;
				GCC_ENABLE_OBJC_EXCEPTIONS = YES;
				GCC_GENERATE_DEBUGGING_SYMBOLS = YES;
				GCC_OPTIMIZATION_LEVEL = 0;
				GCC_PREPROCESSOR_DEFINITIONS = (
					"DEBUG=1",
					"$(inherited)",
				);
				GCC_SYMBOLS_PRIVATE_EXTERN = NO;
				GCC_VERSION = com.apple.compilers.llvm.clang.1_0;
				GCC_WARN_64_TO_32_BIT_CONVERSION = YES;
				GCC_WARN_ABOUT_MISSING_PROTOTYPES = YES;
				MACOSX_DEPLOYMENT_TARGET = 10.7;
				OTHER_CFLAGS = "";
				OTHER_LDFLAGS = "";
				PRODUCT_NAME = "$(TARGET_NAME)";
			};
			name = Debug;
		};
		D941190B14A4CF6700273551 /* Release */ = {
			isa = XCBuildConfiguration;
			buildSettings = {
				ALWAYS_SEARCH_USER_PATHS = NO;
				ARCHS = "$(ARCHS_STANDARD_64_BIT)";
				COPY_PHASE_STRIP = YES;
				DEBUG_INFORMATION_FORMAT = "dwarf-with-dsym";
				GCC_ENABLE_OBJC_EXCEPTIONS = YES;
				GCC_VERSION = com.apple.compilers.llvm.clang.1_0;
				GCC_WARN_64_TO_32_BIT_CONVERSION = YES;
				GCC_WARN_ABOUT_MISSING_PROTOTYPES = YES;
				MACOSX_DEPLOYMENT_TARGET = 10.7;
				OTHER_CFLAGS = "";
				OTHER_LDFLAGS = "";
				PRODUCT_NAME = "$(TARGET_NAME)";
			};
			name = Release;
		};
/* End XCBuildConfiguration section */

/* Begin XCConfigurationList section */
		3F752501157B63D200F6DA63 /* Build configuration list for PBXNativeTarget "example" */ = {
			isa = XCConfigurationList;
			buildConfigurations = (
				3F752502157B63D200F6DA63 /* Debug */,
				3F752503157B63D200F6DA63 /* Release */,
			);
			defaultConfigurationIsVisible = 0;
			defaultConfigurationName = Debug;
		};
		3FBD926F1575A53A0052B482 /* Build configuration list for PBXNativeTarget "library-static" */ = {
			isa = XCConfigurationList;
			buildConfigurations = (
				3FBD92701575A53A0052B482 /* Debug */,
				3FBD92711575A53A0052B482 /* Release */,
			);
			defaultConfigurationIsVisible = 0;
			defaultConfigurationName = Debug;
		};
		3FC90FEB157CC9A10081118F /* Build configuration list for PBXNativeTarget "Unittest" */ = {
			isa = XCConfigurationList;
			buildConfigurations = (
				3FC90FE9157CC9A10081118F /* Debug */,
				3FC90FEA157CC9A10081118F /* Release */,
			);
			defaultConfigurationIsVisible = 0;
			defaultConfigurationName = Debug;
		};
		C01FCF4E08A954540054247B /* Build configuration list for PBXProject "eno" */ = {
			isa = XCConfigurationList;
			buildConfigurations = (
				C01FCF4F08A954540054247B /* Debug */,
				C01FCF5008A954540054247B /* Release */,
			);
			defaultConfigurationIsVisible = 0;
			defaultConfigurationName = Debug;
		};
		D941190914A4CF6700273551 /* Build configuration list for PBXLegacyTarget "version" */ = {
			isa = XCConfigurationList;
			buildConfigurations = (
				D941190A14A4CF6700273551 /* Debug */,
				D941190B14A4CF6700273551 /* Release */,
			);
			defaultConfigurationIsVisible = 0;
			defaultConfigurationName = Debug;
		};
/* End XCConfigurationList section */
	};
	rootObject = 29B97313FDCFA39411CA2CEA /* Project object */;
}
