// !$*UTF8*$!
{
	archiveVersion = 1;
	classes = {
	};
	objectVersion = 46;
	objects = {

/* Begin PBXBuildFile section */
		1DDD58160DA1D0A300B32029 /* MainMenu.xib in Resources */ = {isa = PBXBuildFile; fileRef = 1DDD58140DA1D0A300B32029 /* MainMenu.xib */; };
		256AC3DA0F4B6AC300CF3369 /* enoAppDelegate.mm in Sources */ = {isa = PBXBuildFile; fileRef = 256AC3D90F4B6AC300CF3369 /* enoAppDelegate.mm */; };
		53CC3A9A121630F600B2D092 /* eno.cpp in Sources */ = {isa = PBXBuildFile; fileRef = 53CC3A91121630F600B2D092 /* eno.cpp */; };
		53D0CCB01220ED4F00232031 /* OpenGL.framework in Frameworks */ = {isa = PBXBuildFile; fileRef = 53D0CCAF1220ED4F00232031 /* OpenGL.framework */; };
		8D11072B0486CEB800E47090 /* InfoPlist.strings in Resources */ = {isa = PBXBuildFile; fileRef = 089C165CFE840E0CC02AAC07 /* InfoPlist.strings */; };
		8D11072F0486CEB800E47090 /* Cocoa.framework in Frameworks */ = {isa = PBXBuildFile; fileRef = 1058C7A1FEA54F0111CA2CBB /* Cocoa.framework */; };
		D9040C0914621B5B0028A25E /* enoWindow.cpp in Sources */ = {isa = PBXBuildFile; fileRef = D9040C0814621B5B0028A25E /* enoWindow.cpp */; };
		D90CB8F31299FB70004DACAA /* AssertException.cpp in Sources */ = {isa = PBXBuildFile; fileRef = D90CB8C31299FB70004DACAA /* AssertException.cpp */; };
		D90CB8F41299FB70004DACAA /* Checks.cpp in Sources */ = {isa = PBXBuildFile; fileRef = D90CB8C61299FB70004DACAA /* Checks.cpp */; };
		D90CB8F51299FB70004DACAA /* CurrentTest.cpp in Sources */ = {isa = PBXBuildFile; fileRef = D90CB8C91299FB70004DACAA /* CurrentTest.cpp */; };
		D90CB8F61299FB70004DACAA /* DeferredTestReporter.cpp in Sources */ = {isa = PBXBuildFile; fileRef = D90CB8CB1299FB70004DACAA /* DeferredTestReporter.cpp */; };
		D90CB8F71299FB70004DACAA /* DeferredTestResult.cpp in Sources */ = {isa = PBXBuildFile; fileRef = D90CB8CD1299FB70004DACAA /* DeferredTestResult.cpp */; };
		D90CB8F81299FB70004DACAA /* MemoryOutStream.cpp in Sources */ = {isa = PBXBuildFile; fileRef = D90CB8D01299FB70004DACAA /* MemoryOutStream.cpp */; };
		D90CB8F91299FB70004DACAA /* SignalTranslator.cpp in Sources */ = {isa = PBXBuildFile; fileRef = D90CB8D31299FB70004DACAA /* SignalTranslator.cpp */; };
		D90CB8FC1299FB70004DACAA /* TimeHelpers.cpp in Sources */ = {isa = PBXBuildFile; fileRef = D90CB8D71299FB70004DACAA /* TimeHelpers.cpp */; };
		D90CB8FF1299FB70004DACAA /* ReportAssert.cpp in Sources */ = {isa = PBXBuildFile; fileRef = D90CB8DB1299FB70004DACAA /* ReportAssert.cpp */; };
		D90CB9001299FB70004DACAA /* Test.cpp in Sources */ = {isa = PBXBuildFile; fileRef = D90CB8DD1299FB70004DACAA /* Test.cpp */; };
		D90CB9011299FB70004DACAA /* TestDetails.cpp in Sources */ = {isa = PBXBuildFile; fileRef = D90CB8DF1299FB70004DACAA /* TestDetails.cpp */; };
		D90CB9021299FB70004DACAA /* TestList.cpp in Sources */ = {isa = PBXBuildFile; fileRef = D90CB8E11299FB70004DACAA /* TestList.cpp */; };
		D90CB9031299FB70004DACAA /* TestReporter.cpp in Sources */ = {isa = PBXBuildFile; fileRef = D90CB8E41299FB70004DACAA /* TestReporter.cpp */; };
		D90CB9041299FB70004DACAA /* TestReporterStdout.cpp in Sources */ = {isa = PBXBuildFile; fileRef = D90CB8E61299FB70004DACAA /* TestReporterStdout.cpp */; };
		D90CB9051299FB70004DACAA /* TestResults.cpp in Sources */ = {isa = PBXBuildFile; fileRef = D90CB8E81299FB70004DACAA /* TestResults.cpp */; };
		D90CB9061299FB70004DACAA /* TestRunner.cpp in Sources */ = {isa = PBXBuildFile; fileRef = D90CB8EA1299FB70004DACAA /* TestRunner.cpp */; };
		D90CB9071299FB70004DACAA /* TimeConstraint.cpp in Sources */ = {isa = PBXBuildFile; fileRef = D90CB8ED1299FB70004DACAA /* TimeConstraint.cpp */; };
		D90CB9081299FB70004DACAA /* XmlTestReporter.cpp in Sources */ = {isa = PBXBuildFile; fileRef = D90CB8F11299FB70004DACAA /* XmlTestReporter.cpp */; };
		D993F7F012E83852001B4CFA /* DisplayD3D9.cpp in Sources */ = {isa = PBXBuildFile; fileRef = D993F7EF12E83852001B4CFA /* DisplayD3D9.cpp */; };
		D993F80A12E83917001B4CFA /* DisplayOpenGL.cpp in Sources */ = {isa = PBXBuildFile; fileRef = D993F80912E83917001B4CFA /* DisplayOpenGL.cpp */; };
		D993F80D12E8398D001B4CFA /* DisplayNull.cpp in Sources */ = {isa = PBXBuildFile; fileRef = D993F80B12E8398D001B4CFA /* DisplayNull.cpp */; };
		D9C630E712E6342100013457 /* main.cpp in Sources */ = {isa = PBXBuildFile; fileRef = D9C630E612E6342100013457 /* main.cpp */; };
		D9C631C612E6484200013457 /* enoTypeTest.cpp in Sources */ = {isa = PBXBuildFile; fileRef = D9C631C412E6484200013457 /* enoTypeTest.cpp */; };
		D9C6325212E6546900013457 /* enoManager.cpp in Sources */ = {isa = PBXBuildFile; fileRef = D9C6325012E6546900013457 /* enoManager.cpp */; };
		D9F6511B12F57D41008270C7 /* ImageLoader_Bmp.cpp in Sources */ = {isa = PBXBuildFile; fileRef = D9F6511A12F57D41008270C7 /* ImageLoader_Bmp.cpp */; };
/* End PBXBuildFile section */

/* Begin PBXFileReference section */
		089C165DFE840E0CC02AAC07 /* English */ = {isa = PBXFileReference; fileEncoding = 4; lastKnownFileType = text.plist.strings; name = English; path = English.lproj/InfoPlist.strings; sourceTree = "<group>"; };
		1058C7A1FEA54F0111CA2CBB /* Cocoa.framework */ = {isa = PBXFileReference; lastKnownFileType = wrapper.framework; name = Cocoa.framework; path = /System/Library/Frameworks/Cocoa.framework; sourceTree = "<absolute>"; };
		13E42FB307B3F0F600E4EEF1 /* CoreData.framework */ = {isa = PBXFileReference; lastKnownFileType = wrapper.framework; name = CoreData.framework; path = /System/Library/Frameworks/CoreData.framework; sourceTree = "<absolute>"; };
		1DDD58150DA1D0A300B32029 /* English */ = {isa = PBXFileReference; lastKnownFileType = file.xib; name = English; path = English.lproj/MainMenu.xib; sourceTree = "<group>"; };
		256AC3D80F4B6AC300CF3369 /* enoAppDelegate.h */ = {isa = PBXFileReference; fileEncoding = 4; lastKnownFileType = sourcecode.c.h; path = enoAppDelegate.h; sourceTree = "<group>"; };
		256AC3D90F4B6AC300CF3369 /* enoAppDelegate.mm */ = {isa = PBXFileReference; fileEncoding = 4; lastKnownFileType = sourcecode.cpp.objcpp; path = enoAppDelegate.mm; sourceTree = "<group>"; };
		256AC3F00F4B6AF500CF3369 /* eno_Prefix.pch */ = {isa = PBXFileReference; fileEncoding = 4; lastKnownFileType = sourcecode.c.h; path = eno_Prefix.pch; sourceTree = "<group>"; };
		29B97324FDCFA39411CA2CEA /* AppKit.framework */ = {isa = PBXFileReference; lastKnownFileType = wrapper.framework; name = AppKit.framework; path = /System/Library/Frameworks/AppKit.framework; sourceTree = "<absolute>"; };
		29B97325FDCFA39411CA2CEA /* Foundation.framework */ = {isa = PBXFileReference; lastKnownFileType = wrapper.framework; name = Foundation.framework; path = /System/Library/Frameworks/Foundation.framework; sourceTree = "<absolute>"; };
		53CC3A91121630F600B2D092 /* eno.cpp */ = {isa = PBXFileReference; fileEncoding = 4; lastKnownFileType = sourcecode.cpp.cpp; name = eno.cpp; path = ../eno/eno.cpp; sourceTree = SOURCE_ROOT; };
		53CC3A92121630F600B2D092 /* eno.h */ = {isa = PBXFileReference; fileEncoding = 4; lastKnownFileType = sourcecode.c.h; name = eno.h; path = ../eno/eno.h; sourceTree = SOURCE_ROOT; };
		53CC3A93121630F600B2D092 /* enoConfig.h */ = {isa = PBXFileReference; fileEncoding = 4; lastKnownFileType = sourcecode.c.h; name = enoConfig.h; path = ../eno/enoConfig.h; sourceTree = SOURCE_ROOT; };
		53CC3A96121630F600B2D092 /* enoType.h */ = {isa = PBXFileReference; fileEncoding = 4; lastKnownFileType = sourcecode.c.h; name = enoType.h; path = ../eno/enoType.h; sourceTree = SOURCE_ROOT; };
		53D0CCAF1220ED4F00232031 /* OpenGL.framework */ = {isa = PBXFileReference; lastKnownFileType = wrapper.framework; name = OpenGL.framework; path = System/Library/Frameworks/OpenGL.framework; sourceTree = SDKROOT; };
		53E0FFF61222877000AC697B /* DisplayOpenGL.h */ = {isa = PBXFileReference; fileEncoding = 4; lastKnownFileType = sourcecode.c.h; name = DisplayOpenGL.h; path = ../eno/DisplayOpenGL.h; sourceTree = SOURCE_ROOT; };
		8D1107310486CEB800E47090 /* eno-Info.plist */ = {isa = PBXFileReference; fileEncoding = 4; lastKnownFileType = text.plist.xml; path = "eno-Info.plist"; sourceTree = "<group>"; };
		8D1107320486CEB800E47090 /* eno.app */ = {isa = PBXFileReference; explicitFileType = wrapper.application; includeInIndex = 0; path = eno.app; sourceTree = BUILT_PRODUCTS_DIR; };
		D9040C0814621B5B0028A25E /* enoWindow.cpp */ = {isa = PBXFileReference; fileEncoding = 4; lastKnownFileType = sourcecode.cpp.cpp; name = enoWindow.cpp; path = ../eno/enoWindow.cpp; sourceTree = "<group>"; };
		D9040C0A14621B5B0028A25E /* enoWindow.hpp */ = {isa = PBXFileReference; fileEncoding = 4; lastKnownFileType = sourcecode.cpp.h; name = enoWindow.hpp; path = ../eno/enoWindow.hpp; sourceTree = "<group>"; };
		D9040C0D14621B5B0028A25E /* size2d.hpp */ = {isa = PBXFileReference; fileEncoding = 4; lastKnownFileType = sourcecode.cpp.h; name = size2d.hpp; path = ../eno/size2d.hpp; sourceTree = "<group>"; };
		D9040C0F14621D020028A25E /* enoDriver.h */ = {isa = PBXFileReference; fileEncoding = 4; lastKnownFileType = sourcecode.c.h; name = enoDriver.h; path = ../eno/enoDriver.h; sourceTree = "<group>"; };
		D90CB8C31299FB70004DACAA /* AssertException.cpp */ = {isa = PBXFileReference; fileEncoding = 4; lastKnownFileType = sourcecode.cpp.cpp; name = AssertException.cpp; path = "../Extra/Unittest++/AssertException.cpp"; sourceTree = SOURCE_ROOT; };
		D90CB8C41299FB70004DACAA /* AssertException.h */ = {isa = PBXFileReference; fileEncoding = 4; lastKnownFileType = sourcecode.c.h; name = AssertException.h; path = "../Extra/Unittest++/AssertException.h"; sourceTree = SOURCE_ROOT; };
		D90CB8C51299FB70004DACAA /* CheckMacros.h */ = {isa = PBXFileReference; fileEncoding = 4; lastKnownFileType = sourcecode.c.h; name = CheckMacros.h; path = "../Extra/Unittest++/CheckMacros.h"; sourceTree = SOURCE_ROOT; };
		D90CB8C61299FB70004DACAA /* Checks.cpp */ = {isa = PBXFileReference; fileEncoding = 4; lastKnownFileType = sourcecode.cpp.cpp; name = Checks.cpp; path = "../Extra/Unittest++/Checks.cpp"; sourceTree = SOURCE_ROOT; };
		D90CB8C71299FB70004DACAA /* Checks.h */ = {isa = PBXFileReference; fileEncoding = 4; lastKnownFileType = sourcecode.c.h; name = Checks.h; path = "../Extra/Unittest++/Checks.h"; sourceTree = SOURCE_ROOT; };
		D90CB8C81299FB70004DACAA /* Config.h */ = {isa = PBXFileReference; fileEncoding = 4; lastKnownFileType = sourcecode.c.h; name = Config.h; path = "../Extra/Unittest++/Config.h"; sourceTree = SOURCE_ROOT; };
		D90CB8C91299FB70004DACAA /* CurrentTest.cpp */ = {isa = PBXFileReference; fileEncoding = 4; lastKnownFileType = sourcecode.cpp.cpp; name = CurrentTest.cpp; path = "../Extra/Unittest++/CurrentTest.cpp"; sourceTree = SOURCE_ROOT; };
		D90CB8CA1299FB70004DACAA /* CurrentTest.h */ = {isa = PBXFileReference; fileEncoding = 4; lastKnownFileType = sourcecode.c.h; name = CurrentTest.h; path = "../Extra/Unittest++/CurrentTest.h"; sourceTree = SOURCE_ROOT; };
		D90CB8CB1299FB70004DACAA /* DeferredTestReporter.cpp */ = {isa = PBXFileReference; fileEncoding = 4; lastKnownFileType = sourcecode.cpp.cpp; name = DeferredTestReporter.cpp; path = "../Extra/Unittest++/DeferredTestReporter.cpp"; sourceTree = SOURCE_ROOT; };
		D90CB8CC1299FB70004DACAA /* DeferredTestReporter.h */ = {isa = PBXFileReference; fileEncoding = 4; lastKnownFileType = sourcecode.c.h; name = DeferredTestReporter.h; path = "../Extra/Unittest++/DeferredTestReporter.h"; sourceTree = SOURCE_ROOT; };
		D90CB8CD1299FB70004DACAA /* DeferredTestResult.cpp */ = {isa = PBXFileReference; fileEncoding = 4; lastKnownFileType = sourcecode.cpp.cpp; name = DeferredTestResult.cpp; path = "../Extra/Unittest++/DeferredTestResult.cpp"; sourceTree = SOURCE_ROOT; };
		D90CB8CE1299FB70004DACAA /* DeferredTestResult.h */ = {isa = PBXFileReference; fileEncoding = 4; lastKnownFileType = sourcecode.c.h; name = DeferredTestResult.h; path = "../Extra/Unittest++/DeferredTestResult.h"; sourceTree = SOURCE_ROOT; };
		D90CB8CF1299FB70004DACAA /* ExecuteTest.h */ = {isa = PBXFileReference; fileEncoding = 4; lastKnownFileType = sourcecode.c.h; name = ExecuteTest.h; path = "../Extra/Unittest++/ExecuteTest.h"; sourceTree = SOURCE_ROOT; };
		D90CB8D01299FB70004DACAA /* MemoryOutStream.cpp */ = {isa = PBXFileReference; fileEncoding = 4; lastKnownFileType = sourcecode.cpp.cpp; name = MemoryOutStream.cpp; path = "../Extra/Unittest++/MemoryOutStream.cpp"; sourceTree = SOURCE_ROOT; };
		D90CB8D11299FB70004DACAA /* MemoryOutStream.h */ = {isa = PBXFileReference; fileEncoding = 4; lastKnownFileType = sourcecode.c.h; name = MemoryOutStream.h; path = "../Extra/Unittest++/MemoryOutStream.h"; sourceTree = SOURCE_ROOT; };
		D90CB8D31299FB70004DACAA /* SignalTranslator.cpp */ = {isa = PBXFileReference; fileEncoding = 4; lastKnownFileType = sourcecode.cpp.cpp; path = SignalTranslator.cpp; sourceTree = "<group>"; };
		D90CB8D51299FB70004DACAA /* SignalTranslator.h */ = {isa = PBXFileReference; fileEncoding = 4; lastKnownFileType = sourcecode.c.h; path = SignalTranslator.h; sourceTree = "<group>"; };
		D90CB8D71299FB70004DACAA /* TimeHelpers.cpp */ = {isa = PBXFileReference; fileEncoding = 4; lastKnownFileType = sourcecode.cpp.cpp; path = TimeHelpers.cpp; sourceTree = "<group>"; };
		D90CB8D91299FB70004DACAA /* TimeHelpers.h */ = {isa = PBXFileReference; fileEncoding = 4; lastKnownFileType = sourcecode.c.h; path = TimeHelpers.h; sourceTree = "<group>"; };
		D90CB8DB1299FB70004DACAA /* ReportAssert.cpp */ = {isa = PBXFileReference; fileEncoding = 4; lastKnownFileType = sourcecode.cpp.cpp; name = ReportAssert.cpp; path = "../Extra/Unittest++/ReportAssert.cpp"; sourceTree = SOURCE_ROOT; };
		D90CB8DC1299FB70004DACAA /* ReportAssert.h */ = {isa = PBXFileReference; fileEncoding = 4; lastKnownFileType = sourcecode.c.h; name = ReportAssert.h; path = "../Extra/Unittest++/ReportAssert.h"; sourceTree = SOURCE_ROOT; };
		D90CB8DD1299FB70004DACAA /* Test.cpp */ = {isa = PBXFileReference; fileEncoding = 4; lastKnownFileType = sourcecode.cpp.cpp; name = Test.cpp; path = "../Extra/Unittest++/Test.cpp"; sourceTree = SOURCE_ROOT; };
		D90CB8DE1299FB70004DACAA /* Test.h */ = {isa = PBXFileReference; fileEncoding = 4; lastKnownFileType = sourcecode.c.h; name = Test.h; path = "../Extra/Unittest++/Test.h"; sourceTree = SOURCE_ROOT; };
		D90CB8DF1299FB70004DACAA /* TestDetails.cpp */ = {isa = PBXFileReference; fileEncoding = 4; lastKnownFileType = sourcecode.cpp.cpp; name = TestDetails.cpp; path = "../Extra/Unittest++/TestDetails.cpp"; sourceTree = SOURCE_ROOT; };
		D90CB8E01299FB70004DACAA /* TestDetails.h */ = {isa = PBXFileReference; fileEncoding = 4; lastKnownFileType = sourcecode.c.h; name = TestDetails.h; path = "../Extra/Unittest++/TestDetails.h"; sourceTree = SOURCE_ROOT; };
		D90CB8E11299FB70004DACAA /* TestList.cpp */ = {isa = PBXFileReference; fileEncoding = 4; lastKnownFileType = sourcecode.cpp.cpp; name = TestList.cpp; path = "../Extra/Unittest++/TestList.cpp"; sourceTree = SOURCE_ROOT; };
		D90CB8E21299FB70004DACAA /* TestList.h */ = {isa = PBXFileReference; fileEncoding = 4; lastKnownFileType = sourcecode.c.h; name = TestList.h; path = "../Extra/Unittest++/TestList.h"; sourceTree = SOURCE_ROOT; };
		D90CB8E31299FB70004DACAA /* TestMacros.h */ = {isa = PBXFileReference; fileEncoding = 4; lastKnownFileType = sourcecode.c.h; name = TestMacros.h; path = "../Extra/Unittest++/TestMacros.h"; sourceTree = SOURCE_ROOT; };
		D90CB8E41299FB70004DACAA /* TestReporter.cpp */ = {isa = PBXFileReference; fileEncoding = 4; lastKnownFileType = sourcecode.cpp.cpp; name = TestReporter.cpp; path = "../Extra/Unittest++/TestReporter.cpp"; sourceTree = SOURCE_ROOT; };
		D90CB8E51299FB70004DACAA /* TestReporter.h */ = {isa = PBXFileReference; fileEncoding = 4; lastKnownFileType = sourcecode.c.h; name = TestReporter.h; path = "../Extra/Unittest++/TestReporter.h"; sourceTree = SOURCE_ROOT; };
		D90CB8E61299FB70004DACAA /* TestReporterStdout.cpp */ = {isa = PBXFileReference; fileEncoding = 4; lastKnownFileType = sourcecode.cpp.cpp; name = TestReporterStdout.cpp; path = "../Extra/Unittest++/TestReporterStdout.cpp"; sourceTree = SOURCE_ROOT; };
		D90CB8E71299FB70004DACAA /* TestReporterStdout.h */ = {isa = PBXFileReference; fileEncoding = 4; lastKnownFileType = sourcecode.c.h; name = TestReporterStdout.h; path = "../Extra/Unittest++/TestReporterStdout.h"; sourceTree = SOURCE_ROOT; };
		D90CB8E81299FB70004DACAA /* TestResults.cpp */ = {isa = PBXFileReference; fileEncoding = 4; lastKnownFileType = sourcecode.cpp.cpp; name = TestResults.cpp; path = "../Extra/Unittest++/TestResults.cpp"; sourceTree = SOURCE_ROOT; };
		D90CB8E91299FB70004DACAA /* TestResults.h */ = {isa = PBXFileReference; fileEncoding = 4; lastKnownFileType = sourcecode.c.h; name = TestResults.h; path = "../Extra/Unittest++/TestResults.h"; sourceTree = SOURCE_ROOT; };
		D90CB8EA1299FB70004DACAA /* TestRunner.cpp */ = {isa = PBXFileReference; fileEncoding = 4; lastKnownFileType = sourcecode.cpp.cpp; name = TestRunner.cpp; path = "../Extra/Unittest++/TestRunner.cpp"; sourceTree = SOURCE_ROOT; };
		D90CB8EB1299FB70004DACAA /* TestRunner.h */ = {isa = PBXFileReference; fileEncoding = 4; lastKnownFileType = sourcecode.c.h; name = TestRunner.h; path = "../Extra/Unittest++/TestRunner.h"; sourceTree = SOURCE_ROOT; };
		D90CB8EC1299FB70004DACAA /* TestSuite.h */ = {isa = PBXFileReference; fileEncoding = 4; lastKnownFileType = sourcecode.c.h; name = TestSuite.h; path = "../Extra/Unittest++/TestSuite.h"; sourceTree = SOURCE_ROOT; };
		D90CB8ED1299FB70004DACAA /* TimeConstraint.cpp */ = {isa = PBXFileReference; fileEncoding = 4; lastKnownFileType = sourcecode.cpp.cpp; name = TimeConstraint.cpp; path = "../Extra/Unittest++/TimeConstraint.cpp"; sourceTree = SOURCE_ROOT; };
		D90CB8EE1299FB70004DACAA /* TimeConstraint.h */ = {isa = PBXFileReference; fileEncoding = 4; lastKnownFileType = sourcecode.c.h; name = TimeConstraint.h; path = "../Extra/Unittest++/TimeConstraint.h"; sourceTree = SOURCE_ROOT; };
		D90CB8EF1299FB70004DACAA /* TimeHelpers.h */ = {isa = PBXFileReference; fileEncoding = 4; lastKnownFileType = sourcecode.c.h; name = TimeHelpers.h; path = "../Extra/Unittest++/TimeHelpers.h"; sourceTree = SOURCE_ROOT; };
		D90CB8F01299FB70004DACAA /* UnitTest++.h */ = {isa = PBXFileReference; fileEncoding = 4; lastKnownFileType = sourcecode.c.h; name = "UnitTest++.h"; path = "../Extra/Unittest++/UnitTest++.h"; sourceTree = SOURCE_ROOT; };
		D90CB8F11299FB70004DACAA /* XmlTestReporter.cpp */ = {isa = PBXFileReference; fileEncoding = 4; lastKnownFileType = sourcecode.cpp.cpp; name = XmlTestReporter.cpp; path = "../Extra/Unittest++/XmlTestReporter.cpp"; sourceTree = SOURCE_ROOT; };
		D90CB8F21299FB70004DACAA /* XmlTestReporter.h */ = {isa = PBXFileReference; fileEncoding = 4; lastKnownFileType = sourcecode.c.h; name = XmlTestReporter.h; path = "../Extra/Unittest++/XmlTestReporter.h"; sourceTree = SOURCE_ROOT; };
		D9764E0112EDEE770028EE15 /* enoDisplayType.h */ = {isa = PBXFileReference; fileEncoding = 4; lastKnownFileType = sourcecode.c.h; name = enoDisplayType.h; path = ../eno/enoDisplayType.h; sourceTree = SOURCE_ROOT; };
		D993F7DD12E79807001B4CFA /* Texture.h */ = {isa = PBXFileReference; fileEncoding = 4; lastKnownFileType = sourcecode.c.h; name = Texture.h; path = ../eno/Texture.h; sourceTree = SOURCE_ROOT; };
		D993F7EE12E8380B001B4CFA /* DisplayD3D9.h */ = {isa = PBXFileReference; fileEncoding = 4; lastKnownFileType = sourcecode.c.h; name = DisplayD3D9.h; path = ../eno/DisplayD3D9.h; sourceTree = SOURCE_ROOT; };
		D993F7EF12E83852001B4CFA /* DisplayD3D9.cpp */ = {isa = PBXFileReference; fileEncoding = 4; lastKnownFileType = sourcecode.cpp.cpp; name = DisplayD3D9.cpp; path = ../eno/DisplayD3D9.cpp; sourceTree = SOURCE_ROOT; };
		D993F80912E83917001B4CFA /* DisplayOpenGL.cpp */ = {isa = PBXFileReference; fileEncoding = 4; lastKnownFileType = sourcecode.cpp.cpp; name = DisplayOpenGL.cpp; path = ../eno/DisplayOpenGL.cpp; sourceTree = SOURCE_ROOT; };
		D993F80B12E8398D001B4CFA /* DisplayNull.cpp */ = {isa = PBXFileReference; fileEncoding = 4; lastKnownFileType = sourcecode.cpp.cpp; name = DisplayNull.cpp; path = ../eno/DisplayNull.cpp; sourceTree = SOURCE_ROOT; };
		D993F80C12E8398D001B4CFA /* DisplayNull.h */ = {isa = PBXFileReference; fileEncoding = 4; lastKnownFileType = sourcecode.c.h; name = DisplayNull.h; path = ../eno/DisplayNull.h; sourceTree = SOURCE_ROOT; };
		D993F83C12E869E0001B4CFA /* enoDisplay.h */ = {isa = PBXFileReference; fileEncoding = 4; lastKnownFileType = sourcecode.c.h; name = enoDisplay.h; path = ../eno/enoDisplay.h; sourceTree = SOURCE_ROOT; };
		D9C630E612E6342100013457 /* main.cpp */ = {isa = PBXFileReference; fileEncoding = 4; lastKnownFileType = sourcecode.cpp.cpp; name = main.cpp; path = ../eno/main.cpp; sourceTree = "<group>"; };
		D9C631C412E6484200013457 /* enoTypeTest.cpp */ = {isa = PBXFileReference; fileEncoding = 4; lastKnownFileType = sourcecode.cpp.cpp; name = enoTypeTest.cpp; path = ../eno/enoTypeTest.cpp; sourceTree = SOURCE_ROOT; };
		D9C631C512E6484200013457 /* enoTypeTest.h */ = {isa = PBXFileReference; fileEncoding = 4; lastKnownFileType = sourcecode.c.h; name = enoTypeTest.h; path = ../eno/enoTypeTest.h; sourceTree = SOURCE_ROOT; };
		D9C631C712E6484800013457 /* enoUnitTest.h */ = {isa = PBXFileReference; fileEncoding = 4; lastKnownFileType = sourcecode.c.h; name = enoUnitTest.h; path = ../eno/enoUnitTest.h; sourceTree = SOURCE_ROOT; };
		D9C6325012E6546900013457 /* enoManager.cpp */ = {isa = PBXFileReference; fileEncoding = 4; lastKnownFileType = sourcecode.cpp.cpp; name = enoManager.cpp; path = ../eno/enoManager.cpp; sourceTree = SOURCE_ROOT; };
		D9C6325112E6546900013457 /* enoManager.h */ = {isa = PBXFileReference; fileEncoding = 4; lastKnownFileType = sourcecode.c.h; name = enoManager.h; path = ../eno/enoManager.h; sourceTree = SOURCE_ROOT; };
		D9F6511912F57D41008270C7 /* ImageLoader_Bmp.h */ = {isa = PBXFileReference; fileEncoding = 4; lastKnownFileType = sourcecode.c.h; name = ImageLoader_Bmp.h; path = ../eno/ImageLoader_Bmp.h; sourceTree = SOURCE_ROOT; };
		D9F6511A12F57D41008270C7 /* ImageLoader_Bmp.cpp */ = {isa = PBXFileReference; fileEncoding = 4; lastKnownFileType = sourcecode.cpp.cpp; name = ImageLoader_Bmp.cpp; path = ../eno/ImageLoader_Bmp.cpp; sourceTree = SOURCE_ROOT; };
		D9F6512012F57DCC008270C7 /* enoImageLoader.hpp */ = {isa = PBXFileReference; fileEncoding = 4; lastKnownFileType = sourcecode.cpp.h; name = enoImageLoader.hpp; path = ../eno/enoImageLoader.hpp; sourceTree = SOURCE_ROOT; };
		D9F6513012F57E98008270C7 /* enoReferenceCounter.hpp */ = {isa = PBXFileReference; fileEncoding = 4; lastKnownFileType = sourcecode.cpp.h; name = enoReferenceCounter.hpp; path = ../eno/enoReferenceCounter.hpp; sourceTree = SOURCE_ROOT; };
		D9F6515B12F57F12008270C7 /* enoTexture.hpp */ = {isa = PBXFileReference; fileEncoding = 4; lastKnownFileType = sourcecode.cpp.h; name = enoTexture.hpp; path = ../eno/enoTexture.hpp; sourceTree = SOURCE_ROOT; };
		D9F6516012F57F59008270C7 /* enoImage.hpp */ = {isa = PBXFileReference; fileEncoding = 4; lastKnownFileType = sourcecode.cpp.h; name = enoImage.hpp; path = ../eno/enoImage.hpp; sourceTree = SOURCE_ROOT; };
		D9F6517812F57FA7008270C7 /* matrix4x4.hpp */ = {isa = PBXFileReference; fileEncoding = 4; lastKnownFileType = sourcecode.cpp.h; name = matrix4x4.hpp; path = ../eno/matrix4x4.hpp; sourceTree = SOURCE_ROOT; };
		D9F6517B12F57FED008270C7 /* vector3d.hpp */ = {isa = PBXFileReference; fileEncoding = 4; lastKnownFileType = sourcecode.cpp.h; name = vector3d.hpp; path = ../eno/vector3d.hpp; sourceTree = SOURCE_ROOT; };
		D9F6517C12F57FED008270C7 /* vector4d.hpp */ = {isa = PBXFileReference; fileEncoding = 4; lastKnownFileType = sourcecode.cpp.h; name = vector4d.hpp; path = ../eno/vector4d.hpp; sourceTree = SOURCE_ROOT; };
		D9F6517D12F57FED008270C7 /* vector2d.hpp */ = {isa = PBXFileReference; fileEncoding = 4; lastKnownFileType = sourcecode.cpp.h; name = vector2d.hpp; path = ../eno/vector2d.hpp; sourceTree = SOURCE_ROOT; };
		D9F6518412F58034008270C7 /* quaternion.hpp */ = {isa = PBXFileReference; fileEncoding = 4; lastKnownFileType = sourcecode.cpp.h; name = quaternion.hpp; path = ../eno/quaternion.hpp; sourceTree = SOURCE_ROOT; };
		D9F6518512F58034008270C7 /* rectangle.hpp */ = {isa = PBXFileReference; fileEncoding = 4; lastKnownFileType = sourcecode.cpp.h; name = rectangle.hpp; path = ../eno/rectangle.hpp; sourceTree = SOURCE_ROOT; };
		D9F651AA12F580D8008270C7 /* enoColor.hpp */ = {isa = PBXFileReference; fileEncoding = 4; lastKnownFileType = sourcecode.cpp.h; name = enoColor.hpp; path = ../eno/enoColor.hpp; sourceTree = SOURCE_ROOT; };
		D9F651AB12F580F0008270C7 /* enoMath.hpp */ = {isa = PBXFileReference; fileEncoding = 4; lastKnownFileType = sourcecode.cpp.h; name = enoMath.hpp; path = ../eno/enoMath.hpp; sourceTree = SOURCE_ROOT; };
/* End PBXFileReference section */

/* Begin PBXFrameworksBuildPhase section */
		8D11072E0486CEB800E47090 /* Frameworks */ = {
			isa = PBXFrameworksBuildPhase;
			buildActionMask = 2147483647;
			files = (
				8D11072F0486CEB800E47090 /* Cocoa.framework in Frameworks */,
				53D0CCB01220ED4F00232031 /* OpenGL.framework in Frameworks */,
			);
			runOnlyForDeploymentPostprocessing = 0;
		};
/* End PBXFrameworksBuildPhase section */

/* Begin PBXGroup section */
		080E96DDFE201D6D7F000001 /* Classes */ = {
			isa = PBXGroup;
			children = (
				256AC3D80F4B6AC300CF3369 /* enoAppDelegate.h */,
				256AC3D90F4B6AC300CF3369 /* enoAppDelegate.mm */,
			);
			name = Classes;
			sourceTree = "<group>";
		};
		1058C7A0FEA54F0111CA2CBB /* Linked Frameworks */ = {
			isa = PBXGroup;
			children = (
				1058C7A1FEA54F0111CA2CBB /* Cocoa.framework */,
			);
			name = "Linked Frameworks";
			sourceTree = "<group>";
		};
		1058C7A2FEA54F0111CA2CBB /* Other Frameworks */ = {
			isa = PBXGroup;
			children = (
				29B97324FDCFA39411CA2CEA /* AppKit.framework */,
				13E42FB307B3F0F600E4EEF1 /* CoreData.framework */,
				29B97325FDCFA39411CA2CEA /* Foundation.framework */,
			);
			name = "Other Frameworks";
			sourceTree = "<group>";
		};
		19C28FACFE9D520D11CA2CBB /* Products */ = {
			isa = PBXGroup;
			children = (
				8D1107320486CEB800E47090 /* eno.app */,
			);
			name = Products;
			sourceTree = "<group>";
		};
		29B97314FDCFA39411CA2CEA /* eno */ = {
			isa = PBXGroup;
			children = (
				D90CB86C1299FA23004DACAA /* Unittest++ */,
				080E96DDFE201D6D7F000001 /* Classes */,
				D9C630E512E6340B00013457 /* Source */,
				29B97317FDCFA39411CA2CEA /* Resources */,
				29B97323FDCFA39411CA2CEA /* Frameworks */,
				19C28FACFE9D520D11CA2CBB /* Products */,
			);
			name = eno;
			sourceTree = "<group>";
		};
		29B97315FDCFA39411CA2CEA /* eno */ = {
			isa = PBXGroup;
			children = (
				D98D4133129C33C3008D3697 /* core */,
				D98D4134129C3402008D3697 /* display */,
				D9C631C012E646D300013457 /* game */,
				D993F7E012E7995A001B4CFA /* os */,
				53CC3A91121630F600B2D092 /* eno.cpp */,
				53CC3A92121630F600B2D092 /* eno.h */,
				53CC3A93121630F600B2D092 /* enoConfig.h */,
				D9F6513012F57E98008270C7 /* enoReferenceCounter.hpp */,
				D9F651AB12F580F0008270C7 /* enoMath.hpp */,
				53CC3A96121630F600B2D092 /* enoType.h */,
				256AC3F00F4B6AF500CF3369 /* eno_Prefix.pch */,
			);
			name = eno;
			sourceTree = "<group>";
		};
		29B97317FDCFA39411CA2CEA /* Resources */ = {
			isa = PBXGroup;
			children = (
				8D1107310486CEB800E47090 /* eno-Info.plist */,
				089C165CFE840E0CC02AAC07 /* InfoPlist.strings */,
				1DDD58140DA1D0A300B32029 /* MainMenu.xib */,
			);
			name = Resources;
			sourceTree = "<group>";
		};
		29B97323FDCFA39411CA2CEA /* Frameworks */ = {
			isa = PBXGroup;
			children = (
				53D0CCAF1220ED4F00232031 /* OpenGL.framework */,
				1058C7A0FEA54F0111CA2CBB /* Linked Frameworks */,
				1058C7A2FEA54F0111CA2CBB /* Other Frameworks */,
			);
			name = Frameworks;
			sourceTree = "<group>";
		};
		D9040C0E14621CEA0028A25E /* Driver */ = {
			isa = PBXGroup;
			children = (
				D986A89514609B46003E8D37 /* MACOSX */,
				D9040C0F14621D020028A25E /* enoDriver.h */,
			);
			name = Driver;
			sourceTree = "<group>";
		};
		D90CB86C1299FA23004DACAA /* Unittest++ */ = {
			isa = PBXGroup;
			children = (
				D90CB8C31299FB70004DACAA /* AssertException.cpp */,
				D90CB8C41299FB70004DACAA /* AssertException.h */,
				D90CB8C51299FB70004DACAA /* CheckMacros.h */,
				D90CB8C61299FB70004DACAA /* Checks.cpp */,
				D90CB8C71299FB70004DACAA /* Checks.h */,
				D90CB8C81299FB70004DACAA /* Config.h */,
				D90CB8C91299FB70004DACAA /* CurrentTest.cpp */,
				D90CB8CA1299FB70004DACAA /* CurrentTest.h */,
				D90CB8CB1299FB70004DACAA /* DeferredTestReporter.cpp */,
				D90CB8CC1299FB70004DACAA /* DeferredTestReporter.h */,
				D90CB8CD1299FB70004DACAA /* DeferredTestResult.cpp */,
				D90CB8CE1299FB70004DACAA /* DeferredTestResult.h */,
				D90CB8CF1299FB70004DACAA /* ExecuteTest.h */,
				D90CB8D01299FB70004DACAA /* MemoryOutStream.cpp */,
				D90CB8D11299FB70004DACAA /* MemoryOutStream.h */,
				D90CB8D21299FB70004DACAA /* Posix */,
				D90CB8DB1299FB70004DACAA /* ReportAssert.cpp */,
				D90CB8DC1299FB70004DACAA /* ReportAssert.h */,
				D90CB8DD1299FB70004DACAA /* Test.cpp */,
				D90CB8DE1299FB70004DACAA /* Test.h */,
				D90CB8DF1299FB70004DACAA /* TestDetails.cpp */,
				D90CB8E01299FB70004DACAA /* TestDetails.h */,
				D90CB8E11299FB70004DACAA /* TestList.cpp */,
				D90CB8E21299FB70004DACAA /* TestList.h */,
				D90CB8E31299FB70004DACAA /* TestMacros.h */,
				D90CB8E41299FB70004DACAA /* TestReporter.cpp */,
				D90CB8E51299FB70004DACAA /* TestReporter.h */,
				D90CB8E61299FB70004DACAA /* TestReporterStdout.cpp */,
				D90CB8E71299FB70004DACAA /* TestReporterStdout.h */,
				D90CB8E81299FB70004DACAA /* TestResults.cpp */,
				D90CB8E91299FB70004DACAA /* TestResults.h */,
				D90CB8EA1299FB70004DACAA /* TestRunner.cpp */,
				D90CB8EB1299FB70004DACAA /* TestRunner.h */,
				D90CB8EC1299FB70004DACAA /* TestSuite.h */,
				D90CB8ED1299FB70004DACAA /* TimeConstraint.cpp */,
				D90CB8EE1299FB70004DACAA /* TimeConstraint.h */,
				D90CB8EF1299FB70004DACAA /* TimeHelpers.h */,
				D90CB8F01299FB70004DACAA /* UnitTest++.h */,
				D90CB8F11299FB70004DACAA /* XmlTestReporter.cpp */,
				D90CB8F21299FB70004DACAA /* XmlTestReporter.h */,
			);
			name = "Unittest++";
			sourceTree = "<group>";
		};
		D90CB8D21299FB70004DACAA /* Posix */ = {
			isa = PBXGroup;
			children = (
				D90CB8D31299FB70004DACAA /* SignalTranslator.cpp */,
				D90CB8D51299FB70004DACAA /* SignalTranslator.h */,
				D90CB8D71299FB70004DACAA /* TimeHelpers.cpp */,
				D90CB8D91299FB70004DACAA /* TimeHelpers.h */,
			);
			name = Posix;
			path = "../Extra/Unittest++/Posix";
			sourceTree = SOURCE_ROOT;
		};
		D9764E2B12EE13F30028EE15 /* color */ = {
			isa = PBXGroup;
			children = (
				D9F651AA12F580D8008270C7 /* enoColor.hpp */,
			);
			name = color;
			sourceTree = "<group>";
		};
		D986A89514609B46003E8D37 /* MACOSX */ = {
			isa = PBXGroup;
			children = (
			);
			name = MACOSX;
			sourceTree = "<group>";
		};
		D98D4133129C33C3008D3697 /* core */ = {
			isa = PBXGroup;
			children = (
				D9F6518412F58034008270C7 /* quaternion.hpp */,
				D9F6518512F58034008270C7 /* rectangle.hpp */,
				D9F6517D12F57FED008270C7 /* vector2d.hpp */,
				D9F6517B12F57FED008270C7 /* vector3d.hpp */,
				D9F6517C12F57FED008270C7 /* vector4d.hpp */,
				D9040C0D14621B5B0028A25E /* size2d.hpp */,
				D9F6517812F57FA7008270C7 /* matrix4x4.hpp */,
			);
			name = core;
			sourceTree = "<group>";
		};
		D98D4134129C3402008D3697 /* display */ = {
			isa = PBXGroup;
			children = (
				D9764E2B12EE13F30028EE15 /* color */,
				D993F81212E839C3001B4CFA /* renderer */,
				D993F81112E839BA001B4CFA /* Image */,
				D993F83012E85228001B4CFA /* ImageLoader */,
				D993F7DD12E79807001B4CFA /* Texture.h */,
				D9F6515B12F57F12008270C7 /* enoTexture.hpp */,
				D9764E0112EDEE770028EE15 /* enoDisplayType.h */,
			);
			name = display;
			sourceTree = "<group>";
		};
		D993F7E012E7995A001B4CFA /* os */ = {
			isa = PBXGroup;
			children = (
				D9040C0E14621CEA0028A25E /* Driver */,
				D9040C0814621B5B0028A25E /* enoWindow.cpp */,
				D9040C0A14621B5B0028A25E /* enoWindow.hpp */,
			);
			name = os;
			sourceTree = "<group>";
		};
		D993F81112E839BA001B4CFA /* Image */ = {
			isa = PBXGroup;
			children = (
				D9F6516012F57F59008270C7 /* enoImage.hpp */,
			);
			name = Image;
			sourceTree = "<group>";
		};
		D993F81212E839C3001B4CFA /* renderer */ = {
			isa = PBXGroup;
			children = (
				D993F83C12E869E0001B4CFA /* enoDisplay.h */,
				D993F7EE12E8380B001B4CFA /* DisplayD3D9.h */,
				D993F7EF12E83852001B4CFA /* DisplayD3D9.cpp */,
				53E0FFF61222877000AC697B /* DisplayOpenGL.h */,
				D993F80912E83917001B4CFA /* DisplayOpenGL.cpp */,
				D993F80C12E8398D001B4CFA /* DisplayNull.h */,
				D993F80B12E8398D001B4CFA /* DisplayNull.cpp */,
			);
			name = renderer;
			sourceTree = "<group>";
		};
		D993F83012E85228001B4CFA /* ImageLoader */ = {
			isa = PBXGroup;
			children = (
				D9F6512012F57DCC008270C7 /* enoImageLoader.hpp */,
				D9F6511912F57D41008270C7 /* ImageLoader_Bmp.h */,
				D9F6511A12F57D41008270C7 /* ImageLoader_Bmp.cpp */,
			);
			name = ImageLoader;
			sourceTree = "<group>";
		};
		D9C630E512E6340B00013457 /* Source */ = {
			isa = PBXGroup;
			children = (
				D9C630E812E6344800013457 /* Test */,
				29B97315FDCFA39411CA2CEA /* eno */,
				D9C630E612E6342100013457 /* main.cpp */,
			);
			name = Source;
			sourceTree = "<group>";
		};
		D9C630E812E6344800013457 /* Test */ = {
			isa = PBXGroup;
			children = (
				D9C631C712E6484800013457 /* enoUnitTest.h */,
				D9C630F112E634F100013457 /* Type */,
			);
			name = Test;
			sourceTree = "<group>";
		};
		D9C630F112E634F100013457 /* Type */ = {
			isa = PBXGroup;
			children = (
				D9C631C412E6484200013457 /* enoTypeTest.cpp */,
				D9C631C512E6484200013457 /* enoTypeTest.h */,
			);
			name = Type;
			sourceTree = "<group>";
		};
		D9C631C012E646D300013457 /* game */ = {
			isa = PBXGroup;
			children = (
				D9C6325012E6546900013457 /* enoManager.cpp */,
				D9C6325112E6546900013457 /* enoManager.h */,
			);
			name = game;
			sourceTree = "<group>";
		};
/* End PBXGroup section */

/* Begin PBXNativeTarget section */
		8D1107260486CEB800E47090 /* eno */ = {
			isa = PBXNativeTarget;
			buildConfigurationList = C01FCF4A08A954540054247B /* Build configuration list for PBXNativeTarget "eno" */;
			buildPhases = (
				8D1107290486CEB800E47090 /* Resources */,
				8D11072C0486CEB800E47090 /* Sources */,
				8D11072E0486CEB800E47090 /* Frameworks */,
			);
			buildRules = (
			);
			dependencies = (
			);
			name = eno;
			productInstallPath = "$(HOME)/Applications";
			productName = eno;
			productReference = 8D1107320486CEB800E47090 /* eno.app */;
			productType = "com.apple.product-type.application";
		};
/* End PBXNativeTarget section */

/* Begin PBXProject section */
		29B97313FDCFA39411CA2CEA /* Project object */ = {
			isa = PBXProject;
			attributes = {
				LastUpgradeCheck = 0420;
			};
			buildConfigurationList = C01FCF4E08A954540054247B /* Build configuration list for PBXProject "eno" */;
			compatibilityVersion = "Xcode 3.2";
			developmentRegion = English;
			hasScannedForEncodings = 1;
			knownRegions = (
				English,
				Japanese,
				French,
				German,
			);
			mainGroup = 29B97314FDCFA39411CA2CEA /* eno */;
			projectDirPath = "";
			projectRoot = "";
			targets = (
				8D1107260486CEB800E47090 /* eno */,
			);
		};
/* End PBXProject section */

/* Begin PBXResourcesBuildPhase section */
		8D1107290486CEB800E47090 /* Resources */ = {
			isa = PBXResourcesBuildPhase;
			buildActionMask = 2147483647;
			files = (
				8D11072B0486CEB800E47090 /* InfoPlist.strings in Resources */,
				1DDD58160DA1D0A300B32029 /* MainMenu.xib in Resources */,
			);
			runOnlyForDeploymentPostprocessing = 0;
		};
/* End PBXResourcesBuildPhase section */

/* Begin PBXSourcesBuildPhase section */
		8D11072C0486CEB800E47090 /* Sources */ = {
			isa = PBXSourcesBuildPhase;
			buildActionMask = 2147483647;
			files = (
				256AC3DA0F4B6AC300CF3369 /* enoAppDelegate.mm in Sources */,
				53CC3A9A121630F600B2D092 /* eno.cpp in Sources */,
				D90CB8F31299FB70004DACAA /* AssertException.cpp in Sources */,
				D90CB8F41299FB70004DACAA /* Checks.cpp in Sources */,
				D90CB8F51299FB70004DACAA /* CurrentTest.cpp in Sources */,
				D90CB8F61299FB70004DACAA /* DeferredTestReporter.cpp in Sources */,
				D90CB8F71299FB70004DACAA /* DeferredTestResult.cpp in Sources */,
				D90CB8F81299FB70004DACAA /* MemoryOutStream.cpp in Sources */,
				D90CB8F91299FB70004DACAA /* SignalTranslator.cpp in Sources */,
				D90CB8FC1299FB70004DACAA /* TimeHelpers.cpp in Sources */,
				D90CB8FF1299FB70004DACAA /* ReportAssert.cpp in Sources */,
				D90CB9001299FB70004DACAA /* Test.cpp in Sources */,
				D90CB9011299FB70004DACAA /* TestDetails.cpp in Sources */,
				D90CB9021299FB70004DACAA /* TestList.cpp in Sources */,
				D90CB9031299FB70004DACAA /* TestReporter.cpp in Sources */,
				D90CB9041299FB70004DACAA /* TestReporterStdout.cpp in Sources */,
				D90CB9051299FB70004DACAA /* TestResults.cpp in Sources */,
				D90CB9061299FB70004DACAA /* TestRunner.cpp in Sources */,
				D90CB9071299FB70004DACAA /* TimeConstraint.cpp in Sources */,
				D90CB9081299FB70004DACAA /* XmlTestReporter.cpp in Sources */,
				D9C630E712E6342100013457 /* main.cpp in Sources */,
				D9C631C612E6484200013457 /* enoTypeTest.cpp in Sources */,
				D9C6325212E6546900013457 /* enoManager.cpp in Sources */,
				D993F7F012E83852001B4CFA /* DisplayD3D9.cpp in Sources */,
				D993F80A12E83917001B4CFA /* DisplayOpenGL.cpp in Sources */,
				D993F80D12E8398D001B4CFA /* DisplayNull.cpp in Sources */,
				D9F6511B12F57D41008270C7 /* ImageLoader_Bmp.cpp in Sources */,
				D9040C0914621B5B0028A25E /* enoWindow.cpp in Sources */,
			);
			runOnlyForDeploymentPostprocessing = 0;
		};
/* End PBXSourcesBuildPhase section */

/* Begin PBXVariantGroup section */
		089C165CFE840E0CC02AAC07 /* InfoPlist.strings */ = {
			isa = PBXVariantGroup;
			children = (
				089C165DFE840E0CC02AAC07 /* English */,
			);
			name = InfoPlist.strings;
			sourceTree = "<group>";
		};
		1DDD58140DA1D0A300B32029 /* MainMenu.xib */ = {
			isa = PBXVariantGroup;
			children = (
				1DDD58150DA1D0A300B32029 /* English */,
			);
			name = MainMenu.xib;
			sourceTree = "<group>";
		};
/* End PBXVariantGroup section */

/* Begin XCBuildConfiguration section */
		C01FCF4B08A954540054247B /* Debug */ = {
			isa = XCBuildConfiguration;
			buildSettings = {
				ALWAYS_SEARCH_USER_PATHS = NO;
				COPY_PHASE_STRIP = NO;
				GCC_DYNAMIC_NO_PIC = NO;
				GCC_MODEL_TUNING = G5;
				GCC_OPTIMIZATION_LEVEL = 0;
				GCC_PRECOMPILE_PREFIX_HEADER = YES;
				GCC_PREFIX_HEADER = eno_Prefix.pch;
				INFOPLIST_FILE = "eno-Info.plist";
				INSTALL_PATH = "$(HOME)/Applications";
				PRODUCT_NAME = eno;
			};
			name = Debug;
		};
		C01FCF4C08A954540054247B /* Release */ = {
			isa = XCBuildConfiguration;
			buildSettings = {
				ALWAYS_SEARCH_USER_PATHS = NO;
				DEBUG_INFORMATION_FORMAT = "dwarf-with-dsym";
				GCC_MODEL_TUNING = G5;
				GCC_PRECOMPILE_PREFIX_HEADER = YES;
				GCC_PREFIX_HEADER = eno_Prefix.pch;
				INFOPLIST_FILE = "eno-Info.plist";
				INSTALL_PATH = "$(HOME)/Applications";
				PRODUCT_NAME = eno;
			};
			name = Release;
		};
		C01FCF4F08A954540054247B /* Debug */ = {
			isa = XCBuildConfiguration;
			buildSettings = {
				ARCHS = "$(ARCHS_STANDARD_32_64_BIT)";
				GCC_C_LANGUAGE_STANDARD = gnu99;
				GCC_ENABLE_FLOATING_POINT_LIBRARY_CALLS = NO;
				GCC_ENABLE_SSE3_EXTENSIONS = YES;
				GCC_ENABLE_SSE41_EXTENSIONS = NO;
				GCC_ENABLE_SSE42_EXTENSIONS = NO;
				GCC_ENABLE_SUPPLEMENTAL_SSE3_INSTRUCTIONS = YES;
				GCC_LINK_WITH_DYNAMIC_LIBRARIES = YES;
				GCC_OPTIMIZATION_LEVEL = 0;
				GCC_STRICT_ALIASING = NO;
				GCC_VERSION = "";
				GCC_WARN_ABOUT_RETURN_TYPE = YES;
				GCC_WARN_UNUSED_VARIABLE = YES;
				ONLY_ACTIVE_ARCH = YES;
				OTHER_CFLAGS = "";
				SDKROOT = macosx;
			};
			name = Debug;
		};
		C01FCF5008A954540054247B /* Release */ = {
			isa = XCBuildConfiguration;
			buildSettings = {
				ARCHS = "$(ARCHS_STANDARD_32_64_BIT)";
				GCC_C_LANGUAGE_STANDARD = gnu99;
				GCC_WARN_ABOUT_RETURN_TYPE = YES;
				GCC_WARN_UNUSED_VARIABLE = YES;
				SDKROOT = macosx;
			};
			name = Release;
		};
/* End XCBuildConfiguration section */

/* Begin XCConfigurationList section */
		C01FCF4A08A954540054247B /* Build configuration list for PBXNativeTarget "eno" */ = {
			isa = XCConfigurationList;
			buildConfigurations = (
				C01FCF4B08A954540054247B /* Debug */,
				C01FCF4C08A954540054247B /* Release */,
			);
			defaultConfigurationIsVisible = 0;
			defaultConfigurationName = Release;
		};
		C01FCF4E08A954540054247B /* Build configuration list for PBXProject "eno" */ = {
			isa = XCConfigurationList;
			buildConfigurations = (
				C01FCF4F08A954540054247B /* Debug */,
				C01FCF5008A954540054247B /* Release */,
			);
			defaultConfigurationIsVisible = 0;
			defaultConfigurationName = Release;
		};
/* End XCConfigurationList section */
	};
	rootObject = 29B97313FDCFA39411CA2CEA /* Project object */;
}
